// !$*UTF8*$!
{
	archiveVersion = 1;
	classes = {
	};
	objectVersion = 56;
	objects = {

/* Begin PBXBuildFile section */
		7B3A364429EC2EB500104CC6 /* AppDelegate.swift in Sources */ = {isa = PBXBuildFile; fileRef = 7B3A364329EC2EB500104CC6 /* AppDelegate.swift */; };
		7B3A364629EC2EB500104CC6 /* SceneDelegate.swift in Sources */ = {isa = PBXBuildFile; fileRef = 7B3A364529EC2EB500104CC6 /* SceneDelegate.swift */; };
		7B3A364829EC2EB500104CC6 /* ViewController.swift in Sources */ = {isa = PBXBuildFile; fileRef = 7B3A364729EC2EB500104CC6 /* ViewController.swift */; };
		7B3A364B29EC2EB500104CC6 /* Main.storyboard in Resources */ = {isa = PBXBuildFile; fileRef = 7B3A364929EC2EB500104CC6 /* Main.storyboard */; };
		7B3A364D29EC2EB700104CC6 /* Assets.xcassets in Resources */ = {isa = PBXBuildFile; fileRef = 7B3A364C29EC2EB700104CC6 /* Assets.xcassets */; };
		7B3A365029EC2EB700104CC6 /* LaunchScreen.storyboard in Resources */ = {isa = PBXBuildFile; fileRef = 7B3A364E29EC2EB700104CC6 /* LaunchScreen.storyboard */; };
		7B3A367829EC550B00104CC6 /* MoviesListViewControllerTests.swift in Sources */ = {isa = PBXBuildFile; fileRef = 7B3A367729EC550B00104CC6 /* MoviesListViewControllerTests.swift */; };
		7B3A367D29EC562000104CC6 /* MoviesListPresenter.swift in Sources */ = {isa = PBXBuildFile; fileRef = 7B3A367C29EC562000104CC6 /* MoviesListPresenter.swift */; };
		7B3A368129EC569400104CC6 /* MovieEntity.swift in Sources */ = {isa = PBXBuildFile; fileRef = 7B3A368029EC569400104CC6 /* MovieEntity.swift */; };
		7B3A368429ED61D000104CC6 /* MoviesListViewController.xib in Resources */ = {isa = PBXBuildFile; fileRef = 7B3A368229ED61CF00104CC6 /* MoviesListViewController.xib */; };
		7B3A368529ED61D000104CC6 /* MoviesListViewController.swift in Sources */ = {isa = PBXBuildFile; fileRef = 7B3A368329ED61CF00104CC6 /* MoviesListViewController.swift */; };
		7B3A368F29ED6BD000104CC6 /* MovieTableViewCell.xib in Resources */ = {isa = PBXBuildFile; fileRef = 7B3A368D29ED6BD000104CC6 /* MovieTableViewCell.xib */; };
		7B3A369029ED6BD000104CC6 /* MovieTableViewCell.swift in Sources */ = {isa = PBXBuildFile; fileRef = 7B3A368E29ED6BD000104CC6 /* MovieTableViewCell.swift */; };
		7B3A369629ED72C400104CC6 /* UINib+Loading.swift in Sources */ = {isa = PBXBuildFile; fileRef = 7B3A369529ED72C400104CC6 /* UINib+Loading.swift */; };
		7B3A369929ED738A00104CC6 /* UITableView+RegisterCells.swift in Sources */ = {isa = PBXBuildFile; fileRef = 7B3A369829ED738A00104CC6 /* UITableView+RegisterCells.swift */; };
		7B3A369C29ED781A00104CC6 /* ViewController+TopMost.swift in Sources */ = {isa = PBXBuildFile; fileRef = 7B3A369B29ED781A00104CC6 /* ViewController+TopMost.swift */; };
		7B3A36A229ED788C00104CC6 /* UIApplication+TopMostVC.swift in Sources */ = {isa = PBXBuildFile; fileRef = 7B3A36A129ED788C00104CC6 /* UIApplication+TopMostVC.swift */; };
		7B3A36A529EDA99800104CC6 /* Flow.swift in Sources */ = {isa = PBXBuildFile; fileRef = 7B3A36A429EDA99800104CC6 /* Flow.swift */; };
		7B3A36A729EDF95400104CC6 /* MoviesListCoordinator.swift in Sources */ = {isa = PBXBuildFile; fileRef = 7B3A36A629EDF95400104CC6 /* MoviesListCoordinator.swift */; };
		7B3A36A929EDFB6900104CC6 /* ViewControllerFactory.swift in Sources */ = {isa = PBXBuildFile; fileRef = 7B3A36A829EDFB6900104CC6 /* ViewControllerFactory.swift */; };
		7B3A36AD29EDFBB500104CC6 /* VCFactory+MoviesList.swift in Sources */ = {isa = PBXBuildFile; fileRef = 7B3A36AC29EDFBB500104CC6 /* VCFactory+MoviesList.swift */; };
		7B3A36AF29EEC17C00104CC6 /* MoviesListPresenterTests.swift in Sources */ = {isa = PBXBuildFile; fileRef = 7B3A36AE29EEC17C00104CC6 /* MoviesListPresenterTests.swift */; };
		7B3A36B329EEC4C100104CC6 /* UseCase.swift in Sources */ = {isa = PBXBuildFile; fileRef = 7B3A36B229EEC4C100104CC6 /* UseCase.swift */; };
		7B3A36B529EEC57100104CC6 /* LoadMoviesUseCase.swift in Sources */ = {isa = PBXBuildFile; fileRef = 7B3A36B429EEC57100104CC6 /* LoadMoviesUseCase.swift */; };
		7B3A36B929EFF47500104CC6 /* LoadMoviesRepository.swift in Sources */ = {isa = PBXBuildFile; fileRef = 7B3A36B829EFF47500104CC6 /* LoadMoviesRepository.swift */; };
		7B3A36BB29F194A000104CC6 /* LoadMoviesUseCaseTests.swift in Sources */ = {isa = PBXBuildFile; fileRef = 7B3A36BA29F194A000104CC6 /* LoadMoviesUseCaseTests.swift */; };
/* End PBXBuildFile section */

/* Begin PBXContainerItemProxy section */
		7B3A365729EC2EB700104CC6 /* PBXContainerItemProxy */ = {
			isa = PBXContainerItemProxy;
			containerPortal = 7B3A363829EC2EB500104CC6 /* Project object */;
			proxyType = 1;
			remoteGlobalIDString = 7B3A363F29EC2EB500104CC6;
			remoteInfo = TheMovieDB;
		};
/* End PBXContainerItemProxy section */

/* Begin PBXFileReference section */
		7B3A364029EC2EB500104CC6 /* TheMovieDB.app */ = {isa = PBXFileReference; explicitFileType = wrapper.application; includeInIndex = 0; path = TheMovieDB.app; sourceTree = BUILT_PRODUCTS_DIR; };
		7B3A364329EC2EB500104CC6 /* AppDelegate.swift */ = {isa = PBXFileReference; lastKnownFileType = sourcecode.swift; path = AppDelegate.swift; sourceTree = "<group>"; };
		7B3A364529EC2EB500104CC6 /* SceneDelegate.swift */ = {isa = PBXFileReference; lastKnownFileType = sourcecode.swift; path = SceneDelegate.swift; sourceTree = "<group>"; };
		7B3A364729EC2EB500104CC6 /* ViewController.swift */ = {isa = PBXFileReference; lastKnownFileType = sourcecode.swift; path = ViewController.swift; sourceTree = "<group>"; };
		7B3A364A29EC2EB500104CC6 /* Base */ = {isa = PBXFileReference; lastKnownFileType = file.storyboard; name = Base; path = Base.lproj/Main.storyboard; sourceTree = "<group>"; };
		7B3A364C29EC2EB700104CC6 /* Assets.xcassets */ = {isa = PBXFileReference; lastKnownFileType = folder.assetcatalog; path = Assets.xcassets; sourceTree = "<group>"; };
		7B3A364F29EC2EB700104CC6 /* Base */ = {isa = PBXFileReference; lastKnownFileType = file.storyboard; name = Base; path = Base.lproj/LaunchScreen.storyboard; sourceTree = "<group>"; };
		7B3A365129EC2EB700104CC6 /* Info.plist */ = {isa = PBXFileReference; lastKnownFileType = text.plist.xml; path = Info.plist; sourceTree = "<group>"; };
		7B3A365629EC2EB700104CC6 /* TheMovieDBTests.xctest */ = {isa = PBXFileReference; explicitFileType = wrapper.cfbundle; includeInIndex = 0; path = TheMovieDBTests.xctest; sourceTree = BUILT_PRODUCTS_DIR; };
		7B3A367729EC550B00104CC6 /* MoviesListViewControllerTests.swift */ = {isa = PBXFileReference; lastKnownFileType = sourcecode.swift; path = MoviesListViewControllerTests.swift; sourceTree = "<group>"; };
		7B3A367C29EC562000104CC6 /* MoviesListPresenter.swift */ = {isa = PBXFileReference; lastKnownFileType = sourcecode.swift; path = MoviesListPresenter.swift; sourceTree = "<group>"; };
		7B3A368029EC569400104CC6 /* MovieEntity.swift */ = {isa = PBXFileReference; lastKnownFileType = sourcecode.swift; path = MovieEntity.swift; sourceTree = "<group>"; };
		7B3A368229ED61CF00104CC6 /* MoviesListViewController.xib */ = {isa = PBXFileReference; fileEncoding = 4; lastKnownFileType = file.xib; path = MoviesListViewController.xib; sourceTree = "<group>"; };
		7B3A368329ED61CF00104CC6 /* MoviesListViewController.swift */ = {isa = PBXFileReference; fileEncoding = 4; lastKnownFileType = sourcecode.swift; path = MoviesListViewController.swift; sourceTree = "<group>"; };
		7B3A368D29ED6BD000104CC6 /* MovieTableViewCell.xib */ = {isa = PBXFileReference; fileEncoding = 4; lastKnownFileType = file.xib; path = MovieTableViewCell.xib; sourceTree = "<group>"; };
		7B3A368E29ED6BD000104CC6 /* MovieTableViewCell.swift */ = {isa = PBXFileReference; fileEncoding = 4; lastKnownFileType = sourcecode.swift; path = MovieTableViewCell.swift; sourceTree = "<group>"; };
		7B3A369529ED72C400104CC6 /* UINib+Loading.swift */ = {isa = PBXFileReference; lastKnownFileType = sourcecode.swift; path = "UINib+Loading.swift"; sourceTree = "<group>"; };
		7B3A369829ED738A00104CC6 /* UITableView+RegisterCells.swift */ = {isa = PBXFileReference; lastKnownFileType = sourcecode.swift; path = "UITableView+RegisterCells.swift"; sourceTree = "<group>"; };
		7B3A369B29ED781A00104CC6 /* ViewController+TopMost.swift */ = {isa = PBXFileReference; lastKnownFileType = sourcecode.swift; path = "ViewController+TopMost.swift"; sourceTree = "<group>"; };
		7B3A36A129ED788C00104CC6 /* UIApplication+TopMostVC.swift */ = {isa = PBXFileReference; lastKnownFileType = sourcecode.swift; path = "UIApplication+TopMostVC.swift"; sourceTree = "<group>"; };
		7B3A36A429EDA99800104CC6 /* Flow.swift */ = {isa = PBXFileReference; lastKnownFileType = sourcecode.swift; path = Flow.swift; sourceTree = "<group>"; };
		7B3A36A629EDF95400104CC6 /* MoviesListCoordinator.swift */ = {isa = PBXFileReference; lastKnownFileType = sourcecode.swift; path = MoviesListCoordinator.swift; sourceTree = "<group>"; };
		7B3A36A829EDFB6900104CC6 /* ViewControllerFactory.swift */ = {isa = PBXFileReference; lastKnownFileType = sourcecode.swift; path = ViewControllerFactory.swift; sourceTree = "<group>"; };
		7B3A36AC29EDFBB500104CC6 /* VCFactory+MoviesList.swift */ = {isa = PBXFileReference; lastKnownFileType = sourcecode.swift; path = "VCFactory+MoviesList.swift"; sourceTree = "<group>"; };
		7B3A36AE29EEC17C00104CC6 /* MoviesListPresenterTests.swift */ = {isa = PBXFileReference; lastKnownFileType = sourcecode.swift; path = MoviesListPresenterTests.swift; sourceTree = "<group>"; };
		7B3A36B229EEC4C100104CC6 /* UseCase.swift */ = {isa = PBXFileReference; lastKnownFileType = sourcecode.swift; path = UseCase.swift; sourceTree = "<group>"; };
		7B3A36B429EEC57100104CC6 /* LoadMoviesUseCase.swift */ = {isa = PBXFileReference; lastKnownFileType = sourcecode.swift; path = LoadMoviesUseCase.swift; sourceTree = "<group>"; };
		7B3A36B829EFF47500104CC6 /* LoadMoviesRepository.swift */ = {isa = PBXFileReference; lastKnownFileType = sourcecode.swift; path = LoadMoviesRepository.swift; sourceTree = "<group>"; };
		7B3A36BA29F194A000104CC6 /* LoadMoviesUseCaseTests.swift */ = {isa = PBXFileReference; lastKnownFileType = sourcecode.swift; path = LoadMoviesUseCaseTests.swift; sourceTree = "<group>"; };
/* End PBXFileReference section */

/* Begin PBXFrameworksBuildPhase section */
		7B3A363D29EC2EB500104CC6 /* Frameworks */ = {
			isa = PBXFrameworksBuildPhase;
			buildActionMask = 2147483647;
			files = (
			);
			runOnlyForDeploymentPostprocessing = 0;
		};
		7B3A365329EC2EB700104CC6 /* Frameworks */ = {
			isa = PBXFrameworksBuildPhase;
			buildActionMask = 2147483647;
			files = (
			);
			runOnlyForDeploymentPostprocessing = 0;
		};
/* End PBXFrameworksBuildPhase section */

/* Begin PBXGroup section */
		7B3A363729EC2EB500104CC6 = {
			isa = PBXGroup;
			children = (
				7B3A364229EC2EB500104CC6 /* TheMovieDB */,
				7B3A365929EC2EB700104CC6 /* TheMovieDBTests */,
				7B3A364129EC2EB500104CC6 /* Products */,
			);
			sourceTree = "<group>";
		};
		7B3A364129EC2EB500104CC6 /* Products */ = {
			isa = PBXGroup;
			children = (
				7B3A364029EC2EB500104CC6 /* TheMovieDB.app */,
				7B3A365629EC2EB700104CC6 /* TheMovieDBTests.xctest */,
			);
			name = Products;
			sourceTree = "<group>";
		};
		7B3A364229EC2EB500104CC6 /* TheMovieDB */ = {
			isa = PBXGroup;
			children = (
				7B3A36A329ED792500104CC6 /* Main */,
				7B3A369129ED728100104CC6 /* Shared */,
				7B3A367929EC55FB00104CC6 /* Scenes */,
				7B3A364729EC2EB500104CC6 /* ViewController.swift */,
				7B3A364929EC2EB500104CC6 /* Main.storyboard */,
				7B3A364C29EC2EB700104CC6 /* Assets.xcassets */,
				7B3A364E29EC2EB700104CC6 /* LaunchScreen.storyboard */,
				7B3A365129EC2EB700104CC6 /* Info.plist */,
			);
			path = TheMovieDB;
			sourceTree = "<group>";
		};
		7B3A365929EC2EB700104CC6 /* TheMovieDBTests */ = {
			isa = PBXGroup;
			children = (
				7B3A369D29ED784300104CC6 /* Shared */,
				7B3A367629EC54F600104CC6 /* MoviesListTests */,
			);
			path = TheMovieDBTests;
			sourceTree = "<group>";
		};
		7B3A367629EC54F600104CC6 /* MoviesListTests */ = {
			isa = PBXGroup;
			children = (
				7B3A367729EC550B00104CC6 /* MoviesListViewControllerTests.swift */,
				7B3A36AE29EEC17C00104CC6 /* MoviesListPresenterTests.swift */,
				7B3A36BA29F194A000104CC6 /* LoadMoviesUseCaseTests.swift */,
			);
			path = MoviesListTests;
			sourceTree = "<group>";
		};
		7B3A367929EC55FB00104CC6 /* Scenes */ = {
			isa = PBXGroup;
			children = (
				7B3A367A29EC560100104CC6 /* MoviesList */,
			);
			path = Scenes;
			sourceTree = "<group>";
		};
		7B3A367A29EC560100104CC6 /* MoviesList */ = {
			isa = PBXGroup;
			children = (
				7B3A36AC29EDFBB500104CC6 /* VCFactory+MoviesList.swift */,
				7B3A36A629EDF95400104CC6 /* MoviesListCoordinator.swift */,
				7B3A367E29EC568000104CC6 /* Domain */,
				7B3A367B29EC560900104CC6 /* Presentation */,
			);
			path = MoviesList;
			sourceTree = "<group>";
		};
		7B3A367B29EC560900104CC6 /* Presentation */ = {
			isa = PBXGroup;
			children = (
				7B3A368629ED61EE00104CC6 /* MoviesListViewController */,
				7B3A367C29EC562000104CC6 /* MoviesListPresenter.swift */,
			);
			path = Presentation;
			sourceTree = "<group>";
		};
		7B3A367E29EC568000104CC6 /* Domain */ = {
			isa = PBXGroup;
			children = (
				7B3A36B729EFF46500104CC6 /* Repositories */,
				7B3A36B029EEC2C500104CC6 /* UseCases */,
				7B3A367F29EC568800104CC6 /* Entities */,
			);
			path = Domain;
			sourceTree = "<group>";
		};
		7B3A367F29EC568800104CC6 /* Entities */ = {
			isa = PBXGroup;
			children = (
				7B3A368029EC569400104CC6 /* MovieEntity.swift */,
			);
			path = Entities;
			sourceTree = "<group>";
		};
		7B3A368629ED61EE00104CC6 /* MoviesListViewController */ = {
			isa = PBXGroup;
			children = (
				7B3A368729ED6B7400104CC6 /* SubViews */,
				7B3A368329ED61CF00104CC6 /* MoviesListViewController.swift */,
				7B3A368229ED61CF00104CC6 /* MoviesListViewController.xib */,
			);
			path = MoviesListViewController;
			sourceTree = "<group>";
		};
		7B3A368729ED6B7400104CC6 /* SubViews */ = {
			isa = PBXGroup;
			children = (
				7B3A368C29ED6BD000104CC6 /* MovieTableViewCell */,
			);
			path = SubViews;
			sourceTree = "<group>";
		};
		7B3A368C29ED6BD000104CC6 /* MovieTableViewCell */ = {
			isa = PBXGroup;
			children = (
				7B3A368D29ED6BD000104CC6 /* MovieTableViewCell.xib */,
				7B3A368E29ED6BD000104CC6 /* MovieTableViewCell.swift */,
			);
			path = MovieTableViewCell;
			sourceTree = "<group>";
		};
		7B3A369129ED728100104CC6 /* Shared */ = {
			isa = PBXGroup;
			children = (
				7B3A369229ED728700104CC6 /* Extensions */,
			);
			path = Shared;
			sourceTree = "<group>";
		};
		7B3A369229ED728700104CC6 /* Extensions */ = {
			isa = PBXGroup;
			children = (
				7B3A369329ED728E00104CC6 /* UI */,
			);
			path = Extensions;
			sourceTree = "<group>";
		};
		7B3A369329ED728E00104CC6 /* UI */ = {
			isa = PBXGroup;
			children = (
				7B3A369729ED736600104CC6 /* TableView */,
				7B3A369429ED729F00104CC6 /* UINib */,
			);
			path = UI;
			sourceTree = "<group>";
		};
		7B3A369429ED729F00104CC6 /* UINib */ = {
			isa = PBXGroup;
			children = (
				7B3A369529ED72C400104CC6 /* UINib+Loading.swift */,
			);
			path = UINib;
			sourceTree = "<group>";
		};
		7B3A369729ED736600104CC6 /* TableView */ = {
			isa = PBXGroup;
			children = (
				7B3A369829ED738A00104CC6 /* UITableView+RegisterCells.swift */,
			);
			path = TableView;
			sourceTree = "<group>";
		};
		7B3A369A29ED780500104CC6 /* ViewController */ = {
			isa = PBXGroup;
			children = (
				7B3A369B29ED781A00104CC6 /* ViewController+TopMost.swift */,
			);
			path = ViewController;
			sourceTree = "<group>";
		};
		7B3A369D29ED784300104CC6 /* Shared */ = {
			isa = PBXGroup;
			children = (
				7B3A369E29ED784D00104CC6 /* Extension */,
			);
			path = Shared;
			sourceTree = "<group>";
		};
		7B3A369E29ED784D00104CC6 /* Extension */ = {
			isa = PBXGroup;
			children = (
				7B3A369F29ED785400104CC6 /* UI */,
			);
			path = Extension;
			sourceTree = "<group>";
		};
		7B3A369F29ED785400104CC6 /* UI */ = {
			isa = PBXGroup;
			children = (
				7B3A36A029ED785A00104CC6 /* UIApplication */,
				7B3A369A29ED780500104CC6 /* ViewController */,
			);
			path = UI;
			sourceTree = "<group>";
		};
		7B3A36A029ED785A00104CC6 /* UIApplication */ = {
			isa = PBXGroup;
			children = (
				7B3A36A129ED788C00104CC6 /* UIApplication+TopMostVC.swift */,
			);
			path = UIApplication;
			sourceTree = "<group>";
		};
		7B3A36A329ED792500104CC6 /* Main */ = {
			isa = PBXGroup;
			children = (
				7B3A364329EC2EB500104CC6 /* AppDelegate.swift */,
				7B3A364529EC2EB500104CC6 /* SceneDelegate.swift */,
				7B3A36A429EDA99800104CC6 /* Flow.swift */,
				7B3A36A829EDFB6900104CC6 /* ViewControllerFactory.swift */,
				7B3A36B129EEC2FE00104CC6 /* Standards */,
			);
			path = Main;
			sourceTree = "<group>";
		};
		7B3A36B029EEC2C500104CC6 /* UseCases */ = {
			isa = PBXGroup;
			children = (
				7B3A36B429EEC57100104CC6 /* LoadMoviesUseCase.swift */,
			);
			path = UseCases;
			sourceTree = "<group>";
		};
		7B3A36B129EEC2FE00104CC6 /* Standards */ = {
			isa = PBXGroup;
			children = (
				7B3A36B229EEC4C100104CC6 /* UseCase.swift */,
			);
			path = Standards;
			sourceTree = "<group>";
		};
		7B3A36B729EFF46500104CC6 /* Repositories */ = {
			isa = PBXGroup;
			children = (
				7B3A36B829EFF47500104CC6 /* LoadMoviesRepository.swift */,
			);
			path = Repositories;
			sourceTree = "<group>";
		};
/* End PBXGroup section */

/* Begin PBXNativeTarget section */
		7B3A363F29EC2EB500104CC6 /* TheMovieDB */ = {
			isa = PBXNativeTarget;
			buildConfigurationList = 7B3A366A29EC2EB700104CC6 /* Build configuration list for PBXNativeTarget "TheMovieDB" */;
			buildPhases = (
				7B3A363C29EC2EB500104CC6 /* Sources */,
				7B3A363D29EC2EB500104CC6 /* Frameworks */,
				7B3A363E29EC2EB500104CC6 /* Resources */,
			);
			buildRules = (
			);
			dependencies = (
			);
			name = TheMovieDB;
			productName = TheMovieDB;
			productReference = 7B3A364029EC2EB500104CC6 /* TheMovieDB.app */;
			productType = "com.apple.product-type.application";
		};
		7B3A365529EC2EB700104CC6 /* TheMovieDBTests */ = {
			isa = PBXNativeTarget;
			buildConfigurationList = 7B3A366D29EC2EB700104CC6 /* Build configuration list for PBXNativeTarget "TheMovieDBTests" */;
			buildPhases = (
				7B3A365229EC2EB700104CC6 /* Sources */,
				7B3A365329EC2EB700104CC6 /* Frameworks */,
				7B3A365429EC2EB700104CC6 /* Resources */,
			);
			buildRules = (
			);
			dependencies = (
				7B3A365829EC2EB700104CC6 /* PBXTargetDependency */,
			);
			name = TheMovieDBTests;
			productName = TheMovieDBTests;
			productReference = 7B3A365629EC2EB700104CC6 /* TheMovieDBTests.xctest */;
			productType = "com.apple.product-type.bundle.unit-test";
		};
/* End PBXNativeTarget section */

/* Begin PBXProject section */
		7B3A363829EC2EB500104CC6 /* Project object */ = {
			isa = PBXProject;
			attributes = {
				BuildIndependentTargetsInParallel = 1;
				LastSwiftUpdateCheck = 1420;
				LastUpgradeCheck = 1420;
				TargetAttributes = {
					7B3A363F29EC2EB500104CC6 = {
						CreatedOnToolsVersion = 14.2;
					};
					7B3A365529EC2EB700104CC6 = {
						CreatedOnToolsVersion = 14.2;
						TestTargetID = 7B3A363F29EC2EB500104CC6;
					};
				};
			};
			buildConfigurationList = 7B3A363B29EC2EB500104CC6 /* Build configuration list for PBXProject "TheMovieDB" */;
			compatibilityVersion = "Xcode 14.0";
			developmentRegion = en;
			hasScannedForEncodings = 0;
			knownRegions = (
				en,
				Base,
			);
			mainGroup = 7B3A363729EC2EB500104CC6;
			productRefGroup = 7B3A364129EC2EB500104CC6 /* Products */;
			projectDirPath = "";
			projectRoot = "";
			targets = (
				7B3A363F29EC2EB500104CC6 /* TheMovieDB */,
				7B3A365529EC2EB700104CC6 /* TheMovieDBTests */,
			);
		};
/* End PBXProject section */

/* Begin PBXResourcesBuildPhase section */
		7B3A363E29EC2EB500104CC6 /* Resources */ = {
			isa = PBXResourcesBuildPhase;
			buildActionMask = 2147483647;
			files = (
				7B3A365029EC2EB700104CC6 /* LaunchScreen.storyboard in Resources */,
				7B3A368F29ED6BD000104CC6 /* MovieTableViewCell.xib in Resources */,
				7B3A364D29EC2EB700104CC6 /* Assets.xcassets in Resources */,
				7B3A364B29EC2EB500104CC6 /* Main.storyboard in Resources */,
				7B3A368429ED61D000104CC6 /* MoviesListViewController.xib in Resources */,
			);
			runOnlyForDeploymentPostprocessing = 0;
		};
		7B3A365429EC2EB700104CC6 /* Resources */ = {
			isa = PBXResourcesBuildPhase;
			buildActionMask = 2147483647;
			files = (
			);
			runOnlyForDeploymentPostprocessing = 0;
		};
/* End PBXResourcesBuildPhase section */

/* Begin PBXSourcesBuildPhase section */
		7B3A363C29EC2EB500104CC6 /* Sources */ = {
			isa = PBXSourcesBuildPhase;
			buildActionMask = 2147483647;
			files = (
				7B3A36B329EEC4C100104CC6 /* UseCase.swift in Sources */,
				7B3A364829EC2EB500104CC6 /* ViewController.swift in Sources */,
				7B3A36A729EDF95400104CC6 /* MoviesListCoordinator.swift in Sources */,
				7B3A36A929EDFB6900104CC6 /* ViewControllerFactory.swift in Sources */,
				7B3A368129EC569400104CC6 /* MovieEntity.swift in Sources */,
				7B3A369029ED6BD000104CC6 /* MovieTableViewCell.swift in Sources */,
				7B3A364429EC2EB500104CC6 /* AppDelegate.swift in Sources */,
				7B3A364629EC2EB500104CC6 /* SceneDelegate.swift in Sources */,
				7B3A369C29ED781A00104CC6 /* ViewController+TopMost.swift in Sources */,
				7B3A36AD29EDFBB500104CC6 /* VCFactory+MoviesList.swift in Sources */,
				7B3A367D29EC562000104CC6 /* MoviesListPresenter.swift in Sources */,
				7B3A36A529EDA99800104CC6 /* Flow.swift in Sources */,
				7B3A369629ED72C400104CC6 /* UINib+Loading.swift in Sources */,
				7B3A369929ED738A00104CC6 /* UITableView+RegisterCells.swift in Sources */,
				7B3A36B529EEC57100104CC6 /* LoadMoviesUseCase.swift in Sources */,
				7B3A368529ED61D000104CC6 /* MoviesListViewController.swift in Sources */,
				7B3A36B929EFF47500104CC6 /* LoadMoviesRepository.swift in Sources */,
			);
			runOnlyForDeploymentPostprocessing = 0;
		};
		7B3A365229EC2EB700104CC6 /* Sources */ = {
			isa = PBXSourcesBuildPhase;
			buildActionMask = 2147483647;
			files = (
				7B3A36A229ED788C00104CC6 /* UIApplication+TopMostVC.swift in Sources */,
				7B3A367829EC550B00104CC6 /* MoviesListViewControllerTests.swift in Sources */,
				7B3A36BB29F194A000104CC6 /* LoadMoviesUseCaseTests.swift in Sources */,
				7B3A36AF29EEC17C00104CC6 /* MoviesListPresenterTests.swift in Sources */,
			);
			runOnlyForDeploymentPostprocessing = 0;
		};
/* End PBXSourcesBuildPhase section */

/* Begin PBXTargetDependency section */
		7B3A365829EC2EB700104CC6 /* PBXTargetDependency */ = {
			isa = PBXTargetDependency;
			target = 7B3A363F29EC2EB500104CC6 /* TheMovieDB */;
			targetProxy = 7B3A365729EC2EB700104CC6 /* PBXContainerItemProxy */;
		};
/* End PBXTargetDependency section */

/* Begin PBXVariantGroup section */
		7B3A364929EC2EB500104CC6 /* Main.storyboard */ = {
			isa = PBXVariantGroup;
			children = (
				7B3A364A29EC2EB500104CC6 /* Base */,
			);
			name = Main.storyboard;
			sourceTree = "<group>";
		};
		7B3A364E29EC2EB700104CC6 /* LaunchScreen.storyboard */ = {
			isa = PBXVariantGroup;
			children = (
				7B3A364F29EC2EB700104CC6 /* Base */,
			);
			name = LaunchScreen.storyboard;
			sourceTree = "<group>";
		};
/* End PBXVariantGroup section */

/* Begin XCBuildConfiguration section */
		7B3A366829EC2EB700104CC6 /* Debug */ = {
			isa = XCBuildConfiguration;
			buildSettings = {
				ALWAYS_SEARCH_USER_PATHS = NO;
				CLANG_ANALYZER_NONNULL = YES;
				CLANG_ANALYZER_NUMBER_OBJECT_CONVERSION = YES_AGGRESSIVE;
				CLANG_CXX_LANGUAGE_STANDARD = "gnu++20";
				CLANG_ENABLE_MODULES = YES;
				CLANG_ENABLE_OBJC_ARC = YES;
				CLANG_ENABLE_OBJC_WEAK = YES;
				CLANG_WARN_BLOCK_CAPTURE_AUTORELEASING = YES;
				CLANG_WARN_BOOL_CONVERSION = YES;
				CLANG_WARN_COMMA = YES;
				CLANG_WARN_CONSTANT_CONVERSION = YES;
				CLANG_WARN_DEPRECATED_OBJC_IMPLEMENTATIONS = YES;
				CLANG_WARN_DIRECT_OBJC_ISA_USAGE = YES_ERROR;
				CLANG_WARN_DOCUMENTATION_COMMENTS = YES;
				CLANG_WARN_EMPTY_BODY = YES;
				CLANG_WARN_ENUM_CONVERSION = YES;
				CLANG_WARN_INFINITE_RECURSION = YES;
				CLANG_WARN_INT_CONVERSION = YES;
				CLANG_WARN_NON_LITERAL_NULL_CONVERSION = YES;
				CLANG_WARN_OBJC_IMPLICIT_RETAIN_SELF = YES;
				CLANG_WARN_OBJC_LITERAL_CONVERSION = YES;
				CLANG_WARN_OBJC_ROOT_CLASS = YES_ERROR;
				CLANG_WARN_QUOTED_INCLUDE_IN_FRAMEWORK_HEADER = YES;
				CLANG_WARN_RANGE_LOOP_ANALYSIS = YES;
				CLANG_WARN_STRICT_PROTOTYPES = YES;
				CLANG_WARN_SUSPICIOUS_MOVE = YES;
				CLANG_WARN_UNGUARDED_AVAILABILITY = YES_AGGRESSIVE;
				CLANG_WARN_UNREACHABLE_CODE = YES;
				CLANG_WARN__DUPLICATE_METHOD_MATCH = YES;
				COPY_PHASE_STRIP = NO;
				DEBUG_INFORMATION_FORMAT = dwarf;
				ENABLE_STRICT_OBJC_MSGSEND = YES;
				ENABLE_TESTABILITY = YES;
				GCC_C_LANGUAGE_STANDARD = gnu11;
				GCC_DYNAMIC_NO_PIC = NO;
				GCC_NO_COMMON_BLOCKS = YES;
				GCC_OPTIMIZATION_LEVEL = 0;
				GCC_PREPROCESSOR_DEFINITIONS = (
					"DEBUG=1",
					"$(inherited)",
				);
				GCC_WARN_64_TO_32_BIT_CONVERSION = YES;
				GCC_WARN_ABOUT_RETURN_TYPE = YES_ERROR;
				GCC_WARN_UNDECLARED_SELECTOR = YES;
				GCC_WARN_UNINITIALIZED_AUTOS = YES_AGGRESSIVE;
				GCC_WARN_UNUSED_FUNCTION = YES;
				GCC_WARN_UNUSED_VARIABLE = YES;
				IPHONEOS_DEPLOYMENT_TARGET = 16.2;
				MTL_ENABLE_DEBUG_INFO = INCLUDE_SOURCE;
				MTL_FAST_MATH = YES;
				ONLY_ACTIVE_ARCH = YES;
				SDKROOT = iphoneos;
				SWIFT_ACTIVE_COMPILATION_CONDITIONS = DEBUG;
				SWIFT_OPTIMIZATION_LEVEL = "-Onone";
			};
			name = Debug;
		};
		7B3A366929EC2EB700104CC6 /* Release */ = {
			isa = XCBuildConfiguration;
			buildSettings = {
				ALWAYS_SEARCH_USER_PATHS = NO;
				CLANG_ANALYZER_NONNULL = YES;
				CLANG_ANALYZER_NUMBER_OBJECT_CONVERSION = YES_AGGRESSIVE;
				CLANG_CXX_LANGUAGE_STANDARD = "gnu++20";
				CLANG_ENABLE_MODULES = YES;
				CLANG_ENABLE_OBJC_ARC = YES;
				CLANG_ENABLE_OBJC_WEAK = YES;
				CLANG_WARN_BLOCK_CAPTURE_AUTORELEASING = YES;
				CLANG_WARN_BOOL_CONVERSION = YES;
				CLANG_WARN_COMMA = YES;
				CLANG_WARN_CONSTANT_CONVERSION = YES;
				CLANG_WARN_DEPRECATED_OBJC_IMPLEMENTATIONS = YES;
				CLANG_WARN_DIRECT_OBJC_ISA_USAGE = YES_ERROR;
				CLANG_WARN_DOCUMENTATION_COMMENTS = YES;
				CLANG_WARN_EMPTY_BODY = YES;
				CLANG_WARN_ENUM_CONVERSION = YES;
				CLANG_WARN_INFINITE_RECURSION = YES;
				CLANG_WARN_INT_CONVERSION = YES;
				CLANG_WARN_NON_LITERAL_NULL_CONVERSION = YES;
				CLANG_WARN_OBJC_IMPLICIT_RETAIN_SELF = YES;
				CLANG_WARN_OBJC_LITERAL_CONVERSION = YES;
				CLANG_WARN_OBJC_ROOT_CLASS = YES_ERROR;
				CLANG_WARN_QUOTED_INCLUDE_IN_FRAMEWORK_HEADER = YES;
				CLANG_WARN_RANGE_LOOP_ANALYSIS = YES;
				CLANG_WARN_STRICT_PROTOTYPES = YES;
				CLANG_WARN_SUSPICIOUS_MOVE = YES;
				CLANG_WARN_UNGUARDED_AVAILABILITY = YES_AGGRESSIVE;
				CLANG_WARN_UNREACHABLE_CODE = YES;
				CLANG_WARN__DUPLICATE_METHOD_MATCH = YES;
				COPY_PHASE_STRIP = NO;
				DEBUG_INFORMATION_FORMAT = "dwarf-with-dsym";
				ENABLE_NS_ASSERTIONS = NO;
				ENABLE_STRICT_OBJC_MSGSEND = YES;
				GCC_C_LANGUAGE_STANDARD = gnu11;
				GCC_NO_COMMON_BLOCKS = YES;
				GCC_WARN_64_TO_32_BIT_CONVERSION = YES;
				GCC_WARN_ABOUT_RETURN_TYPE = YES_ERROR;
				GCC_WARN_UNDECLARED_SELECTOR = YES;
				GCC_WARN_UNINITIALIZED_AUTOS = YES_AGGRESSIVE;
				GCC_WARN_UNUSED_FUNCTION = YES;
				GCC_WARN_UNUSED_VARIABLE = YES;
				IPHONEOS_DEPLOYMENT_TARGET = 16.2;
				MTL_ENABLE_DEBUG_INFO = NO;
				MTL_FAST_MATH = YES;
				SDKROOT = iphoneos;
				SWIFT_COMPILATION_MODE = wholemodule;
				SWIFT_OPTIMIZATION_LEVEL = "-O";
				VALIDATE_PRODUCT = YES;
			};
			name = Release;
		};
		7B3A366B29EC2EB700104CC6 /* Debug */ = {
			isa = XCBuildConfiguration;
			buildSettings = {
				ASSETCATALOG_COMPILER_APPICON_NAME = AppIcon;
				ASSETCATALOG_COMPILER_GLOBAL_ACCENT_COLOR_NAME = AccentColor;
				CODE_SIGN_STYLE = Automatic;
				CURRENT_PROJECT_VERSION = 1;
				GENERATE_INFOPLIST_FILE = YES;
				INFOPLIST_FILE = TheMovieDB/Info.plist;
				INFOPLIST_KEY_UIApplicationSupportsIndirectInputEvents = YES;
				INFOPLIST_KEY_UILaunchStoryboardName = LaunchScreen;
				INFOPLIST_KEY_UIMainStoryboardFile = Main;
				INFOPLIST_KEY_UISupportedInterfaceOrientations_iPad = "UIInterfaceOrientationPortrait UIInterfaceOrientationPortraitUpsideDown UIInterfaceOrientationLandscapeLeft UIInterfaceOrientationLandscapeRight";
				INFOPLIST_KEY_UISupportedInterfaceOrientations_iPhone = "UIInterfaceOrientationPortrait UIInterfaceOrientationLandscapeLeft UIInterfaceOrientationLandscapeRight";
				LD_RUNPATH_SEARCH_PATHS = (
					"$(inherited)",
					"@executable_path/Frameworks",
				);
				MARKETING_VERSION = 1.0;
				PRODUCT_BUNDLE_IDENTIFIER = com.Abozaina.TheMovieDB;
				PRODUCT_NAME = "$(TARGET_NAME)";
				SUPPORTED_PLATFORMS = "iphoneos iphonesimulator";
				SUPPORTS_MACCATALYST = NO;
				SUPPORTS_MAC_DESIGNED_FOR_IPHONE_IPAD = NO;
				SWIFT_EMIT_LOC_STRINGS = YES;
				SWIFT_VERSION = 5.0;
				TARGETED_DEVICE_FAMILY = 1;
			};
			name = Debug;
		};
		7B3A366C29EC2EB700104CC6 /* Release */ = {
			isa = XCBuildConfiguration;
			buildSettings = {
				ASSETCATALOG_COMPILER_APPICON_NAME = AppIcon;
				ASSETCATALOG_COMPILER_GLOBAL_ACCENT_COLOR_NAME = AccentColor;
				CODE_SIGN_STYLE = Automatic;
				CURRENT_PROJECT_VERSION = 1;
				GENERATE_INFOPLIST_FILE = YES;
				INFOPLIST_FILE = TheMovieDB/Info.plist;
				INFOPLIST_KEY_UIApplicationSupportsIndirectInputEvents = YES;
				INFOPLIST_KEY_UILaunchStoryboardName = LaunchScreen;
				INFOPLIST_KEY_UIMainStoryboardFile = Main;
				INFOPLIST_KEY_UISupportedInterfaceOrientations_iPad = "UIInterfaceOrientationPortrait UIInterfaceOrientationPortraitUpsideDown UIInterfaceOrientationLandscapeLeft UIInterfaceOrientationLandscapeRight";
				INFOPLIST_KEY_UISupportedInterfaceOrientations_iPhone = "UIInterfaceOrientationPortrait UIInterfaceOrientationLandscapeLeft UIInterfaceOrientationLandscapeRight";
				LD_RUNPATH_SEARCH_PATHS = (
					"$(inherited)",
					"@executable_path/Frameworks",
				);
				MARKETING_VERSION = 1.0;
				PRODUCT_BUNDLE_IDENTIFIER = com.Abozaina.TheMovieDB;
				PRODUCT_NAME = "$(TARGET_NAME)";
				SUPPORTED_PLATFORMS = "iphoneos iphonesimulator";
				SUPPORTS_MACCATALYST = NO;
				SUPPORTS_MAC_DESIGNED_FOR_IPHONE_IPAD = NO;
				SWIFT_EMIT_LOC_STRINGS = YES;
				SWIFT_VERSION = 5.0;
				TARGETED_DEVICE_FAMILY = 1;
			};
			name = Release;
		};
		7B3A366E29EC2EB700104CC6 /* Debug */ = {
			isa = XCBuildConfiguration;
			buildSettings = {
				ALWAYS_EMBED_SWIFT_STANDARD_LIBRARIES = YES;
				BUNDLE_LOADER = "$(TEST_HOST)";
				CODE_SIGN_STYLE = Automatic;
				CURRENT_PROJECT_VERSION = 1;
				GENERATE_INFOPLIST_FILE = YES;
				IPHONEOS_DEPLOYMENT_TARGET = 16.2;
				MARKETING_VERSION = 1.0;
				PRODUCT_BUNDLE_IDENTIFIER = com.Abozaina.TheMovieDBTests;
				PRODUCT_NAME = "$(TARGET_NAME)";
				SUPPORTED_PLATFORMS = "iphoneos iphonesimulator";
				SUPPORTS_MACCATALYST = NO;
				SUPPORTS_MAC_DESIGNED_FOR_IPHONE_IPAD = NO;
				SWIFT_EMIT_LOC_STRINGS = NO;
				SWIFT_VERSION = 5.0;
				TARGETED_DEVICE_FAMILY = 1;
				TEST_HOST = "$(BUILT_PRODUCTS_DIR)/TheMovieDB.app/$(BUNDLE_EXECUTABLE_FOLDER_PATH)/TheMovieDB";
			};
			name = Debug;
		};
		7B3A366F29EC2EB700104CC6 /* Release */ = {
			isa = XCBuildConfiguration;
			buildSettings = {
				ALWAYS_EMBED_SWIFT_STANDARD_LIBRARIES = YES;
				BUNDLE_LOADER = "$(TEST_HOST)";
				CODE_SIGN_STYLE = Automatic;
				CURRENT_PROJECT_VERSION = 1;
				GENERATE_INFOPLIST_FILE = YES;
				IPHONEOS_DEPLOYMENT_TARGET = 16.2;
				MARKETING_VERSION = 1.0;
				PRODUCT_BUNDLE_IDENTIFIER = com.Abozaina.TheMovieDBTests;
				PRODUCT_NAME = "$(TARGET_NAME)";
				SUPPORTED_PLATFORMS = "iphoneos iphonesimulator";
				SUPPORTS_MACCATALYST = NO;
				SUPPORTS_MAC_DESIGNED_FOR_IPHONE_IPAD = NO;
				SWIFT_EMIT_LOC_STRINGS = NO;
				SWIFT_VERSION = 5.0;
				TARGETED_DEVICE_FAMILY = 1;
				TEST_HOST = "$(BUILT_PRODUCTS_DIR)/TheMovieDB.app/$(BUNDLE_EXECUTABLE_FOLDER_PATH)/TheMovieDB";
			};
			name = Release;
		};
/* End XCBuildConfiguration section */

/* Begin XCConfigurationList section */
		7B3A363B29EC2EB500104CC6 /* Build configuration list for PBXProject "TheMovieDB" */ = {
			isa = XCConfigurationList;
			buildConfigurations = (
				7B3A366829EC2EB700104CC6 /* Debug */,
				7B3A366929EC2EB700104CC6 /* Release */,
			);
			defaultConfigurationIsVisible = 0;
			defaultConfigurationName = Release;
		};
		7B3A366A29EC2EB700104CC6 /* Build configuration list for PBXNativeTarget "TheMovieDB" */ = {
			isa = XCConfigurationList;
			buildConfigurations = (
				7B3A366B29EC2EB700104CC6 /* Debug */,
				7B3A366C29EC2EB700104CC6 /* Release */,
			);
			defaultConfigurationIsVisible = 0;
			defaultConfigurationName = Release;
		};
		7B3A366D29EC2EB700104CC6 /* Build configuration list for PBXNativeTarget "TheMovieDBTests" */ = {
			isa = XCConfigurationList;
			buildConfigurations = (
				7B3A366E29EC2EB700104CC6 /* Debug */,
				7B3A366F29EC2EB700104CC6 /* Release */,
			);
			defaultConfigurationIsVisible = 0;
			defaultConfigurationName = Release;
		};
/* End XCConfigurationList section */
	};
	rootObject = 7B3A363829EC2EB500104CC6 /* Project object */;
}
