// !$*UTF8*$!
{
	archiveVersion = 1;
	classes = {
	};
	objectVersion = 56;
	objects = {

/* Begin PBXBuildFile section */
		7B199FB82B3B68B0001540F3 /* VCFactory+MovieDetails.swift in Sources */ = {isa = PBXBuildFile; fileRef = 7B199FB72B3B68B0001540F3 /* VCFactory+MovieDetails.swift */; };
		7B199FBA2B3B68C4001540F3 /* MovieDetailsCoordinator.swift in Sources */ = {isa = PBXBuildFile; fileRef = 7B199FB92B3B68C4001540F3 /* MovieDetailsCoordinator.swift */; };
		7B199FBF2B3B81B9001540F3 /* MovieDetailsDTO.swift in Sources */ = {isa = PBXBuildFile; fileRef = 7B199FBE2B3B81B9001540F3 /* MovieDetailsDTO.swift */; };
		7B199FC12B3B8230001540F3 /* MovieDetailsRemoteDataSource.swift in Sources */ = {isa = PBXBuildFile; fileRef = 7B199FC02B3B8230001540F3 /* MovieDetailsRemoteDataSource.swift */; };
		7B199FC32B3B83EB001540F3 /* MovieDetailsRepository.swift in Sources */ = {isa = PBXBuildFile; fileRef = 7B199FC22B3B83EB001540F3 /* MovieDetailsRepository.swift */; };
		7B199FC62B3B84C9001540F3 /* LoadMovieDetailsUseCase.swift in Sources */ = {isa = PBXBuildFile; fileRef = 7B199FC52B3B84C9001540F3 /* LoadMovieDetailsUseCase.swift */; };
		7B199FC92B3B8548001540F3 /* LoadMovieDetailsRepository.swift in Sources */ = {isa = PBXBuildFile; fileRef = 7B199FC82B3B8548001540F3 /* LoadMovieDetailsRepository.swift */; };
		7B199FCC2B3B85BF001540F3 /* MovieDetailsEntity.swift in Sources */ = {isa = PBXBuildFile; fileRef = 7B199FCB2B3B85BF001540F3 /* MovieDetailsEntity.swift */; };
		7B199FCF2B3CCE83001540F3 /* MovieDetailsViewController.swift in Sources */ = {isa = PBXBuildFile; fileRef = 7B199FCD2B3CCE83001540F3 /* MovieDetailsViewController.swift */; };
		7B199FD02B3CCE83001540F3 /* MovieDetailsViewController.xib in Resources */ = {isa = PBXBuildFile; fileRef = 7B199FCE2B3CCE83001540F3 /* MovieDetailsViewController.xib */; };
		7B199FD32B3CCF21001540F3 /* MovieDetailsViewModel.swift in Sources */ = {isa = PBXBuildFile; fileRef = 7B199FD22B3CCF21001540F3 /* MovieDetailsViewModel.swift */; };
		7B3A364429EC2EB500104CC6 /* AppDelegate.swift in Sources */ = {isa = PBXBuildFile; fileRef = 7B3A364329EC2EB500104CC6 /* AppDelegate.swift */; };
		7B3A364629EC2EB500104CC6 /* SceneDelegate.swift in Sources */ = {isa = PBXBuildFile; fileRef = 7B3A364529EC2EB500104CC6 /* SceneDelegate.swift */; };
		7B3A364B29EC2EB500104CC6 /* Main.storyboard in Resources */ = {isa = PBXBuildFile; fileRef = 7B3A364929EC2EB500104CC6 /* Main.storyboard */; };
		7B3A364D29EC2EB700104CC6 /* Assets.xcassets in Resources */ = {isa = PBXBuildFile; fileRef = 7B3A364C29EC2EB700104CC6 /* Assets.xcassets */; };
		7B3A365029EC2EB700104CC6 /* LaunchScreen.storyboard in Resources */ = {isa = PBXBuildFile; fileRef = 7B3A364E29EC2EB700104CC6 /* LaunchScreen.storyboard */; };
		7B3A367829EC550B00104CC6 /* MoviesListViewControllerTests.swift in Sources */ = {isa = PBXBuildFile; fileRef = 7B3A367729EC550B00104CC6 /* MoviesListViewControllerTests.swift */; };
		7B3A367D29EC562000104CC6 /* MoviesListPresenter.swift in Sources */ = {isa = PBXBuildFile; fileRef = 7B3A367C29EC562000104CC6 /* MoviesListPresenter.swift */; };
		7B3A368129EC569400104CC6 /* MovieEntity.swift in Sources */ = {isa = PBXBuildFile; fileRef = 7B3A368029EC569400104CC6 /* MovieEntity.swift */; };
		7B3A368429ED61D000104CC6 /* MoviesListViewController.xib in Resources */ = {isa = PBXBuildFile; fileRef = 7B3A368229ED61CF00104CC6 /* MoviesListViewController.xib */; };
		7B3A368529ED61D000104CC6 /* MoviesListViewController.swift in Sources */ = {isa = PBXBuildFile; fileRef = 7B3A368329ED61CF00104CC6 /* MoviesListViewController.swift */; };
		7B3A368F29ED6BD000104CC6 /* MovieTableViewCell.xib in Resources */ = {isa = PBXBuildFile; fileRef = 7B3A368D29ED6BD000104CC6 /* MovieTableViewCell.xib */; };
		7B3A369029ED6BD000104CC6 /* MovieTableViewCell.swift in Sources */ = {isa = PBXBuildFile; fileRef = 7B3A368E29ED6BD000104CC6 /* MovieTableViewCell.swift */; };
		7B3A369629ED72C400104CC6 /* UINib+Loading.swift in Sources */ = {isa = PBXBuildFile; fileRef = 7B3A369529ED72C400104CC6 /* UINib+Loading.swift */; };
		7B3A369929ED738A00104CC6 /* UITableView+RegisterCells.swift in Sources */ = {isa = PBXBuildFile; fileRef = 7B3A369829ED738A00104CC6 /* UITableView+RegisterCells.swift */; };
		7B3A369C29ED781A00104CC6 /* ViewController+TopMost.swift in Sources */ = {isa = PBXBuildFile; fileRef = 7B3A369B29ED781A00104CC6 /* ViewController+TopMost.swift */; };
		7B3A36A229ED788C00104CC6 /* UIApplication+TopMostVC.swift in Sources */ = {isa = PBXBuildFile; fileRef = 7B3A36A129ED788C00104CC6 /* UIApplication+TopMostVC.swift */; };
		7B3A36A529EDA99800104CC6 /* Flow.swift in Sources */ = {isa = PBXBuildFile; fileRef = 7B3A36A429EDA99800104CC6 /* Flow.swift */; };
		7B3A36A729EDF95400104CC6 /* MoviesListCoordinator.swift in Sources */ = {isa = PBXBuildFile; fileRef = 7B3A36A629EDF95400104CC6 /* MoviesListCoordinator.swift */; };
		7B3A36A929EDFB6900104CC6 /* ModuleFactory.swift in Sources */ = {isa = PBXBuildFile; fileRef = 7B3A36A829EDFB6900104CC6 /* ModuleFactory.swift */; };
		7B3A36AD29EDFBB500104CC6 /* VCFactory+MoviesList.swift in Sources */ = {isa = PBXBuildFile; fileRef = 7B3A36AC29EDFBB500104CC6 /* VCFactory+MoviesList.swift */; };
		7B3A36B329EEC4C100104CC6 /* UseCase.swift in Sources */ = {isa = PBXBuildFile; fileRef = 7B3A36B229EEC4C100104CC6 /* UseCase.swift */; };
		7B3A36B529EEC57100104CC6 /* LoadMoviesUseCase.swift in Sources */ = {isa = PBXBuildFile; fileRef = 7B3A36B429EEC57100104CC6 /* LoadMoviesUseCase.swift */; };
		7B3A36B929EFF47500104CC6 /* LoadMoviesRepository.swift in Sources */ = {isa = PBXBuildFile; fileRef = 7B3A36B829EFF47500104CC6 /* LoadMoviesRepository.swift */; };
		7B497B352B40CDC300004FCC /* Array+Indexing.swift in Sources */ = {isa = PBXBuildFile; fileRef = 7B497B342B40CDC300004FCC /* Array+Indexing.swift */; };
		7B497B382B42061900004FCC /* NetworkManagerTests.swift in Sources */ = {isa = PBXBuildFile; fileRef = 7B497B372B42061900004FCC /* NetworkManagerTests.swift */; };
		7B497B3D2B420AE500004FCC /* XCTestCase+MemoryLeak.swift in Sources */ = {isa = PBXBuildFile; fileRef = 7B497B3C2B420AE500004FCC /* XCTestCase+MemoryLeak.swift */; };
		7B4E3D4A2A11154F00341A93 /* ToEntity.swift in Sources */ = {isa = PBXBuildFile; fileRef = 7B4E3D492A11154F00341A93 /* ToEntity.swift */; };
		7B51C4F32A0FD7E3009D534A /* Repository.swift in Sources */ = {isa = PBXBuildFile; fileRef = 7B51C4F22A0FD7E3009D534A /* Repository.swift */; };
		7B524D292AE06BD60085F046 /* Kingfisher in Frameworks */ = {isa = PBXBuildFile; productRef = 7B524D282AE06BD60085F046 /* Kingfisher */; };
		7B524D2E2AE08E980085F046 /* TitleSubtitleImageCell.swift in Sources */ = {isa = PBXBuildFile; fileRef = 7B524D2D2AE08E980085F046 /* TitleSubtitleImageCell.swift */; };
		7B524D302AE147E50085F046 /* LoadMoviesUseCaseTests.swift in Sources */ = {isa = PBXBuildFile; fileRef = 7B524D2F2AE147E50085F046 /* LoadMoviesUseCaseTests.swift */; };
		7B524D322AE148050085F046 /* LoadMoviesRepositoryTests.swift in Sources */ = {isa = PBXBuildFile; fileRef = 7B524D312AE148050085F046 /* LoadMoviesRepositoryTests.swift */; };
		7B524D342AE1483B0085F046 /* MoviesListPresenterTests.swift in Sources */ = {isa = PBXBuildFile; fileRef = 7B524D332AE1483B0085F046 /* MoviesListPresenterTests.swift */; };
		7B524D3C2AE169550085F046 /* MovieCardView.swift in Sources */ = {isa = PBXBuildFile; fileRef = 7B524D3B2AE169550085F046 /* MovieCardView.swift */; };
		7B524D3E2AE2C2020085F046 /* MoviesListView.swift in Sources */ = {isa = PBXBuildFile; fileRef = 7B524D3D2AE2C2020085F046 /* MoviesListView.swift */; };
		7B524D402AE31B390085F046 /* MoviesListViewModel.swift in Sources */ = {isa = PBXBuildFile; fileRef = 7B524D3F2AE31B390085F046 /* MoviesListViewModel.swift */; };
		7B867D7C2ADEA9AA00C06615 /* JSONDecoding.swift in Sources */ = {isa = PBXBuildFile; fileRef = 7B867D7B2ADEA9AA00C06615 /* JSONDecoding.swift */; };
		7B91353A2B42E37D00DA9F15 /* JSONLoader.swift in Sources */ = {isa = PBXBuildFile; fileRef = 7B9135392B42E37D00DA9F15 /* JSONLoader.swift */; };
		7B9135452B42E3CF00DA9F15 /* GeneralJsonStub.json in Resources */ = {isa = PBXBuildFile; fileRef = 7B9135432B42E3CF00DA9F15 /* GeneralJsonStub.json */; };
		7B9135462B42E3CF00DA9F15 /* FakeJSON.swift in Sources */ = {isa = PBXBuildFile; fileRef = 7B9135442B42E3CF00DA9F15 /* FakeJSON.swift */; };
		7B9135482B42EBA900DA9F15 /* NetworkTests+Mocking.swift in Sources */ = {isa = PBXBuildFile; fileRef = 7B9135472B42EBA900DA9F15 /* NetworkTests+Mocking.swift */; };
		7B9C36322A0E72D90064FD95 /* MoviesRepository.swift in Sources */ = {isa = PBXBuildFile; fileRef = 7B9C36312A0E72D90064FD95 /* MoviesRepository.swift */; };
		7B9C36352A0E730D0064FD95 /* DataSource.swift in Sources */ = {isa = PBXBuildFile; fileRef = 7B9C36342A0E730D0064FD95 /* DataSource.swift */; };
		7B9C36372A0E731D0064FD95 /* RemoteDataSource.swift in Sources */ = {isa = PBXBuildFile; fileRef = 7B9C36362A0E731D0064FD95 /* RemoteDataSource.swift */; };
		7B9C36392A0E73750064FD95 /* MovieDTO.swift in Sources */ = {isa = PBXBuildFile; fileRef = 7B9C36382A0E73750064FD95 /* MovieDTO.swift */; };
		7B9C363B2A0E75340064FD95 /* MoviesDBRootDTO.swift in Sources */ = {isa = PBXBuildFile; fileRef = 7B9C363A2A0E75340064FD95 /* MoviesDBRootDTO.swift */; };
		7B9D1D432ADD985200D2096B /* HTTPClient.swift in Sources */ = {isa = PBXBuildFile; fileRef = 7B9D1D422ADD985200D2096B /* HTTPClient.swift */; };
		7B9D1D452ADD985F00D2096B /* NetworkManager.swift in Sources */ = {isa = PBXBuildFile; fileRef = 7B9D1D442ADD985F00D2096B /* NetworkManager.swift */; };
		7BC6B7682A0FEE6D00517B0F /* LoadMoviesRemoteDataSource.swift in Sources */ = {isa = PBXBuildFile; fileRef = 7BC6B7672A0FEE6D00517B0F /* LoadMoviesRemoteDataSource.swift */; };
		7BFEF9032B3DDB430038AE98 /* UIImageView+RemoteImages.swift in Sources */ = {isa = PBXBuildFile; fileRef = 7BFEF9022B3DDB430038AE98 /* UIImageView+RemoteImages.swift */; };
		7BFEF9082B3EC2810038AE98 /* ImageView+RemoteImages.swift in Sources */ = {isa = PBXBuildFile; fileRef = 7BFEF9072B3EC2810038AE98 /* ImageView+RemoteImages.swift */; };
		7BFEF90E2B4053830038AE98 /* MovieDetailsSwiftUIView.swift in Sources */ = {isa = PBXBuildFile; fileRef = 7BFEF90D2B4053830038AE98 /* MovieDetailsSwiftUIView.swift */; };
		7BFEF9102B4053930038AE98 /* MovieDetailsSwiftUIViewModel.swift in Sources */ = {isa = PBXBuildFile; fileRef = 7BFEF90F2B4053930038AE98 /* MovieDetailsSwiftUIViewModel.swift */; };
		7BFEF9122B4066EA0038AE98 /* MainNavigtionStack.swift in Sources */ = {isa = PBXBuildFile; fileRef = 7BFEF9112B4066EA0038AE98 /* MainNavigtionStack.swift */; };
/* End PBXBuildFile section */

/* Begin PBXContainerItemProxy section */
		7B3A365729EC2EB700104CC6 /* PBXContainerItemProxy */ = {
			isa = PBXContainerItemProxy;
			containerPortal = 7B3A363829EC2EB500104CC6 /* Project object */;
			proxyType = 1;
			remoteGlobalIDString = 7B3A363F29EC2EB500104CC6;
			remoteInfo = TheMovieDB;
		};
/* End PBXContainerItemProxy section */

/* Begin PBXFileReference section */
		7B199FB72B3B68B0001540F3 /* VCFactory+MovieDetails.swift */ = {isa = PBXFileReference; lastKnownFileType = sourcecode.swift; path = "VCFactory+MovieDetails.swift"; sourceTree = "<group>"; };
		7B199FB92B3B68C4001540F3 /* MovieDetailsCoordinator.swift */ = {isa = PBXFileReference; lastKnownFileType = sourcecode.swift; path = MovieDetailsCoordinator.swift; sourceTree = "<group>"; };
		7B199FBE2B3B81B9001540F3 /* MovieDetailsDTO.swift */ = {isa = PBXFileReference; lastKnownFileType = sourcecode.swift; path = MovieDetailsDTO.swift; sourceTree = "<group>"; };
		7B199FC02B3B8230001540F3 /* MovieDetailsRemoteDataSource.swift */ = {isa = PBXFileReference; lastKnownFileType = sourcecode.swift; path = MovieDetailsRemoteDataSource.swift; sourceTree = "<group>"; };
		7B199FC22B3B83EB001540F3 /* MovieDetailsRepository.swift */ = {isa = PBXFileReference; lastKnownFileType = sourcecode.swift; path = MovieDetailsRepository.swift; sourceTree = "<group>"; };
		7B199FC52B3B84C9001540F3 /* LoadMovieDetailsUseCase.swift */ = {isa = PBXFileReference; lastKnownFileType = sourcecode.swift; path = LoadMovieDetailsUseCase.swift; sourceTree = "<group>"; };
		7B199FC82B3B8548001540F3 /* LoadMovieDetailsRepository.swift */ = {isa = PBXFileReference; lastKnownFileType = sourcecode.swift; path = LoadMovieDetailsRepository.swift; sourceTree = "<group>"; };
		7B199FCB2B3B85BF001540F3 /* MovieDetailsEntity.swift */ = {isa = PBXFileReference; lastKnownFileType = sourcecode.swift; path = MovieDetailsEntity.swift; sourceTree = "<group>"; };
		7B199FCD2B3CCE83001540F3 /* MovieDetailsViewController.swift */ = {isa = PBXFileReference; lastKnownFileType = sourcecode.swift; path = MovieDetailsViewController.swift; sourceTree = "<group>"; };
		7B199FCE2B3CCE83001540F3 /* MovieDetailsViewController.xib */ = {isa = PBXFileReference; lastKnownFileType = file.xib; path = MovieDetailsViewController.xib; sourceTree = "<group>"; };
		7B199FD22B3CCF21001540F3 /* MovieDetailsViewModel.swift */ = {isa = PBXFileReference; lastKnownFileType = sourcecode.swift; path = MovieDetailsViewModel.swift; sourceTree = "<group>"; };
		7B3A364029EC2EB500104CC6 /* TheMovieDB.app */ = {isa = PBXFileReference; explicitFileType = wrapper.application; includeInIndex = 0; path = TheMovieDB.app; sourceTree = BUILT_PRODUCTS_DIR; };
		7B3A364329EC2EB500104CC6 /* AppDelegate.swift */ = {isa = PBXFileReference; lastKnownFileType = sourcecode.swift; path = AppDelegate.swift; sourceTree = "<group>"; };
		7B3A364529EC2EB500104CC6 /* SceneDelegate.swift */ = {isa = PBXFileReference; lastKnownFileType = sourcecode.swift; path = SceneDelegate.swift; sourceTree = "<group>"; };
		7B3A364A29EC2EB500104CC6 /* Base */ = {isa = PBXFileReference; lastKnownFileType = file.storyboard; name = Base; path = Base.lproj/Main.storyboard; sourceTree = "<group>"; };
		7B3A364C29EC2EB700104CC6 /* Assets.xcassets */ = {isa = PBXFileReference; lastKnownFileType = folder.assetcatalog; path = Assets.xcassets; sourceTree = "<group>"; };
		7B3A364F29EC2EB700104CC6 /* Base */ = {isa = PBXFileReference; lastKnownFileType = file.storyboard; name = Base; path = Base.lproj/LaunchScreen.storyboard; sourceTree = "<group>"; };
		7B3A365129EC2EB700104CC6 /* Info.plist */ = {isa = PBXFileReference; lastKnownFileType = text.plist.xml; path = Info.plist; sourceTree = "<group>"; };
		7B3A365629EC2EB700104CC6 /* TheMovieDBTests.xctest */ = {isa = PBXFileReference; explicitFileType = wrapper.cfbundle; includeInIndex = 0; path = TheMovieDBTests.xctest; sourceTree = BUILT_PRODUCTS_DIR; };
		7B3A367729EC550B00104CC6 /* MoviesListViewControllerTests.swift */ = {isa = PBXFileReference; lastKnownFileType = sourcecode.swift; path = MoviesListViewControllerTests.swift; sourceTree = "<group>"; };
		7B3A367C29EC562000104CC6 /* MoviesListPresenter.swift */ = {isa = PBXFileReference; lastKnownFileType = sourcecode.swift; path = MoviesListPresenter.swift; sourceTree = "<group>"; };
		7B3A368029EC569400104CC6 /* MovieEntity.swift */ = {isa = PBXFileReference; lastKnownFileType = sourcecode.swift; path = MovieEntity.swift; sourceTree = "<group>"; };
		7B3A368229ED61CF00104CC6 /* MoviesListViewController.xib */ = {isa = PBXFileReference; fileEncoding = 4; lastKnownFileType = file.xib; path = MoviesListViewController.xib; sourceTree = "<group>"; };
		7B3A368329ED61CF00104CC6 /* MoviesListViewController.swift */ = {isa = PBXFileReference; fileEncoding = 4; lastKnownFileType = sourcecode.swift; path = MoviesListViewController.swift; sourceTree = "<group>"; };
		7B3A368D29ED6BD000104CC6 /* MovieTableViewCell.xib */ = {isa = PBXFileReference; fileEncoding = 4; lastKnownFileType = file.xib; path = MovieTableViewCell.xib; sourceTree = "<group>"; };
		7B3A368E29ED6BD000104CC6 /* MovieTableViewCell.swift */ = {isa = PBXFileReference; fileEncoding = 4; lastKnownFileType = sourcecode.swift; path = MovieTableViewCell.swift; sourceTree = "<group>"; };
		7B3A369529ED72C400104CC6 /* UINib+Loading.swift */ = {isa = PBXFileReference; lastKnownFileType = sourcecode.swift; path = "UINib+Loading.swift"; sourceTree = "<group>"; };
		7B3A369829ED738A00104CC6 /* UITableView+RegisterCells.swift */ = {isa = PBXFileReference; lastKnownFileType = sourcecode.swift; path = "UITableView+RegisterCells.swift"; sourceTree = "<group>"; };
		7B3A369B29ED781A00104CC6 /* ViewController+TopMost.swift */ = {isa = PBXFileReference; lastKnownFileType = sourcecode.swift; path = "ViewController+TopMost.swift"; sourceTree = "<group>"; };
		7B3A36A129ED788C00104CC6 /* UIApplication+TopMostVC.swift */ = {isa = PBXFileReference; lastKnownFileType = sourcecode.swift; path = "UIApplication+TopMostVC.swift"; sourceTree = "<group>"; };
		7B3A36A429EDA99800104CC6 /* Flow.swift */ = {isa = PBXFileReference; lastKnownFileType = sourcecode.swift; path = Flow.swift; sourceTree = "<group>"; };
		7B3A36A629EDF95400104CC6 /* MoviesListCoordinator.swift */ = {isa = PBXFileReference; lastKnownFileType = sourcecode.swift; path = MoviesListCoordinator.swift; sourceTree = "<group>"; };
		7B3A36A829EDFB6900104CC6 /* ModuleFactory.swift */ = {isa = PBXFileReference; lastKnownFileType = sourcecode.swift; path = ModuleFactory.swift; sourceTree = "<group>"; };
		7B3A36AC29EDFBB500104CC6 /* VCFactory+MoviesList.swift */ = {isa = PBXFileReference; lastKnownFileType = sourcecode.swift; path = "VCFactory+MoviesList.swift"; sourceTree = "<group>"; };
		7B3A36B229EEC4C100104CC6 /* UseCase.swift */ = {isa = PBXFileReference; lastKnownFileType = sourcecode.swift; path = UseCase.swift; sourceTree = "<group>"; };
		7B3A36B429EEC57100104CC6 /* LoadMoviesUseCase.swift */ = {isa = PBXFileReference; lastKnownFileType = sourcecode.swift; path = LoadMoviesUseCase.swift; sourceTree = "<group>"; };
		7B3A36B829EFF47500104CC6 /* LoadMoviesRepository.swift */ = {isa = PBXFileReference; lastKnownFileType = sourcecode.swift; path = LoadMoviesRepository.swift; sourceTree = "<group>"; };
		7B497B342B40CDC300004FCC /* Array+Indexing.swift */ = {isa = PBXFileReference; lastKnownFileType = sourcecode.swift; path = "Array+Indexing.swift"; sourceTree = "<group>"; };
		7B497B372B42061900004FCC /* NetworkManagerTests.swift */ = {isa = PBXFileReference; lastKnownFileType = sourcecode.swift; path = NetworkManagerTests.swift; sourceTree = "<group>"; };
		7B497B3C2B420AE500004FCC /* XCTestCase+MemoryLeak.swift */ = {isa = PBXFileReference; lastKnownFileType = sourcecode.swift; path = "XCTestCase+MemoryLeak.swift"; sourceTree = "<group>"; };
		7B4E3D492A11154F00341A93 /* ToEntity.swift */ = {isa = PBXFileReference; lastKnownFileType = sourcecode.swift; path = ToEntity.swift; sourceTree = "<group>"; };
		7B51C4F22A0FD7E3009D534A /* Repository.swift */ = {isa = PBXFileReference; lastKnownFileType = sourcecode.swift; path = Repository.swift; sourceTree = "<group>"; };
		7B524D2D2AE08E980085F046 /* TitleSubtitleImageCell.swift */ = {isa = PBXFileReference; lastKnownFileType = sourcecode.swift; path = TitleSubtitleImageCell.swift; sourceTree = "<group>"; };
		7B524D2F2AE147E50085F046 /* LoadMoviesUseCaseTests.swift */ = {isa = PBXFileReference; lastKnownFileType = sourcecode.swift; path = LoadMoviesUseCaseTests.swift; sourceTree = "<group>"; };
		7B524D312AE148050085F046 /* LoadMoviesRepositoryTests.swift */ = {isa = PBXFileReference; lastKnownFileType = sourcecode.swift; path = LoadMoviesRepositoryTests.swift; sourceTree = "<group>"; };
		7B524D332AE1483B0085F046 /* MoviesListPresenterTests.swift */ = {isa = PBXFileReference; lastKnownFileType = sourcecode.swift; path = MoviesListPresenterTests.swift; sourceTree = "<group>"; };
		7B524D3B2AE169550085F046 /* MovieCardView.swift */ = {isa = PBXFileReference; lastKnownFileType = sourcecode.swift; path = MovieCardView.swift; sourceTree = "<group>"; };
		7B524D3D2AE2C2020085F046 /* MoviesListView.swift */ = {isa = PBXFileReference; lastKnownFileType = sourcecode.swift; path = MoviesListView.swift; sourceTree = "<group>"; };
		7B524D3F2AE31B390085F046 /* MoviesListViewModel.swift */ = {isa = PBXFileReference; lastKnownFileType = sourcecode.swift; path = MoviesListViewModel.swift; sourceTree = "<group>"; };
		7B867D7B2ADEA9AA00C06615 /* JSONDecoding.swift */ = {isa = PBXFileReference; lastKnownFileType = sourcecode.swift; path = JSONDecoding.swift; sourceTree = "<group>"; };
		7B9135392B42E37D00DA9F15 /* JSONLoader.swift */ = {isa = PBXFileReference; lastKnownFileType = sourcecode.swift; path = JSONLoader.swift; sourceTree = "<group>"; };
		7B9135432B42E3CF00DA9F15 /* GeneralJsonStub.json */ = {isa = PBXFileReference; fileEncoding = 4; lastKnownFileType = text.json; path = GeneralJsonStub.json; sourceTree = "<group>"; };
		7B9135442B42E3CF00DA9F15 /* FakeJSON.swift */ = {isa = PBXFileReference; fileEncoding = 4; lastKnownFileType = sourcecode.swift; path = FakeJSON.swift; sourceTree = "<group>"; };
		7B9135472B42EBA900DA9F15 /* NetworkTests+Mocking.swift */ = {isa = PBXFileReference; lastKnownFileType = sourcecode.swift; path = "NetworkTests+Mocking.swift"; sourceTree = "<group>"; };
		7B9C36312A0E72D90064FD95 /* MoviesRepository.swift */ = {isa = PBXFileReference; lastKnownFileType = sourcecode.swift; path = MoviesRepository.swift; sourceTree = "<group>"; };
		7B9C36342A0E730D0064FD95 /* DataSource.swift */ = {isa = PBXFileReference; lastKnownFileType = sourcecode.swift; path = DataSource.swift; sourceTree = "<group>"; };
		7B9C36362A0E731D0064FD95 /* RemoteDataSource.swift */ = {isa = PBXFileReference; lastKnownFileType = sourcecode.swift; path = RemoteDataSource.swift; sourceTree = "<group>"; };
		7B9C36382A0E73750064FD95 /* MovieDTO.swift */ = {isa = PBXFileReference; lastKnownFileType = sourcecode.swift; path = MovieDTO.swift; sourceTree = "<group>"; };
		7B9C363A2A0E75340064FD95 /* MoviesDBRootDTO.swift */ = {isa = PBXFileReference; lastKnownFileType = sourcecode.swift; path = MoviesDBRootDTO.swift; sourceTree = "<group>"; };
		7B9D1D422ADD985200D2096B /* HTTPClient.swift */ = {isa = PBXFileReference; lastKnownFileType = sourcecode.swift; path = HTTPClient.swift; sourceTree = "<group>"; };
		7B9D1D442ADD985F00D2096B /* NetworkManager.swift */ = {isa = PBXFileReference; lastKnownFileType = sourcecode.swift; path = NetworkManager.swift; sourceTree = "<group>"; };
		7BC6B7672A0FEE6D00517B0F /* LoadMoviesRemoteDataSource.swift */ = {isa = PBXFileReference; lastKnownFileType = sourcecode.swift; path = LoadMoviesRemoteDataSource.swift; sourceTree = "<group>"; };
		7BFEF9022B3DDB430038AE98 /* UIImageView+RemoteImages.swift */ = {isa = PBXFileReference; lastKnownFileType = sourcecode.swift; path = "UIImageView+RemoteImages.swift"; sourceTree = "<group>"; };
		7BFEF9072B3EC2810038AE98 /* ImageView+RemoteImages.swift */ = {isa = PBXFileReference; lastKnownFileType = sourcecode.swift; path = "ImageView+RemoteImages.swift"; sourceTree = "<group>"; };
		7BFEF90D2B4053830038AE98 /* MovieDetailsSwiftUIView.swift */ = {isa = PBXFileReference; lastKnownFileType = sourcecode.swift; path = MovieDetailsSwiftUIView.swift; sourceTree = "<group>"; };
		7BFEF90F2B4053930038AE98 /* MovieDetailsSwiftUIViewModel.swift */ = {isa = PBXFileReference; lastKnownFileType = sourcecode.swift; path = MovieDetailsSwiftUIViewModel.swift; sourceTree = "<group>"; };
		7BFEF9112B4066EA0038AE98 /* MainNavigtionStack.swift */ = {isa = PBXFileReference; lastKnownFileType = sourcecode.swift; path = MainNavigtionStack.swift; sourceTree = "<group>"; };
/* End PBXFileReference section */

/* Begin PBXFrameworksBuildPhase section */
		7B3A363D29EC2EB500104CC6 /* Frameworks */ = {
			isa = PBXFrameworksBuildPhase;
			buildActionMask = 2147483647;
			files = (
				7B524D292AE06BD60085F046 /* Kingfisher in Frameworks */,
			);
			runOnlyForDeploymentPostprocessing = 0;
		};
		7B3A365329EC2EB700104CC6 /* Frameworks */ = {
			isa = PBXFrameworksBuildPhase;
			buildActionMask = 2147483647;
			files = (
			);
			runOnlyForDeploymentPostprocessing = 0;
		};
/* End PBXFrameworksBuildPhase section */

/* Begin PBXGroup section */
		7B199FB62B3B67F0001540F3 /* MovieDetails */ = {
			isa = PBXGroup;
			children = (
				7B199FB72B3B68B0001540F3 /* VCFactory+MovieDetails.swift */,
				7B199FB92B3B68C4001540F3 /* MovieDetailsCoordinator.swift */,
				7B199FBD2B3B8176001540F3 /* Data */,
				7B199FBC2B3B8171001540F3 /* Domain */,
				7B199FBB2B3B8160001540F3 /* Presentation */,
			);
			path = MovieDetails;
			sourceTree = "<group>";
		};
		7B199FBB2B3B8160001540F3 /* Presentation */ = {
			isa = PBXGroup;
			children = (
				7BFEF9092B3F11080038AE98 /* UIKit */,
				7BFEF90A2B3F11120038AE98 /* SwiftUI */,
			);
			path = Presentation;
			sourceTree = "<group>";
		};
		7B199FBC2B3B8171001540F3 /* Domain */ = {
			isa = PBXGroup;
			children = (
				7B199FCA2B3B85AE001540F3 /* Entities */,
				7B199FC72B3B853D001540F3 /* Repositories */,
				7B199FC42B3B84B2001540F3 /* UseCases */,
			);
			path = Domain;
			sourceTree = "<group>";
		};
		7B199FBD2B3B8176001540F3 /* Data */ = {
			isa = PBXGroup;
			children = (
				7B199FBE2B3B81B9001540F3 /* MovieDetailsDTO.swift */,
				7B199FC02B3B8230001540F3 /* MovieDetailsRemoteDataSource.swift */,
				7B199FC22B3B83EB001540F3 /* MovieDetailsRepository.swift */,
			);
			path = Data;
			sourceTree = "<group>";
		};
		7B199FC42B3B84B2001540F3 /* UseCases */ = {
			isa = PBXGroup;
			children = (
				7B199FC52B3B84C9001540F3 /* LoadMovieDetailsUseCase.swift */,
			);
			path = UseCases;
			sourceTree = "<group>";
		};
		7B199FC72B3B853D001540F3 /* Repositories */ = {
			isa = PBXGroup;
			children = (
				7B199FC82B3B8548001540F3 /* LoadMovieDetailsRepository.swift */,
			);
			path = Repositories;
			sourceTree = "<group>";
		};
		7B199FCA2B3B85AE001540F3 /* Entities */ = {
			isa = PBXGroup;
			children = (
				7B199FCB2B3B85BF001540F3 /* MovieDetailsEntity.swift */,
			);
			path = Entities;
			sourceTree = "<group>";
		};
		7B199FD12B3CCE9D001540F3 /* MovieDetailsViewController */ = {
			isa = PBXGroup;
			children = (
				7B199FCD2B3CCE83001540F3 /* MovieDetailsViewController.swift */,
				7B199FCE2B3CCE83001540F3 /* MovieDetailsViewController.xib */,
			);
			path = MovieDetailsViewController;
			sourceTree = "<group>";
		};
		7B3A363729EC2EB500104CC6 = {
			isa = PBXGroup;
			children = (
				7B3A364229EC2EB500104CC6 /* TheMovieDB */,
				7B3A365929EC2EB700104CC6 /* TheMovieDBTests */,
				7B3A364129EC2EB500104CC6 /* Products */,
			);
			sourceTree = "<group>";
		};
		7B3A364129EC2EB500104CC6 /* Products */ = {
			isa = PBXGroup;
			children = (
				7B3A364029EC2EB500104CC6 /* TheMovieDB.app */,
				7B3A365629EC2EB700104CC6 /* TheMovieDBTests.xctest */,
			);
			name = Products;
			sourceTree = "<group>";
		};
		7B3A364229EC2EB500104CC6 /* TheMovieDB */ = {
			isa = PBXGroup;
			children = (
				7B3A36A329ED792500104CC6 /* Main */,
				7B3A369129ED728100104CC6 /* Shared */,
				7B3A367929EC55FB00104CC6 /* Scenes */,
				7B3A364929EC2EB500104CC6 /* Main.storyboard */,
				7B3A364C29EC2EB700104CC6 /* Assets.xcassets */,
				7B3A364E29EC2EB700104CC6 /* LaunchScreen.storyboard */,
				7B3A365129EC2EB700104CC6 /* Info.plist */,
			);
			path = TheMovieDB;
			sourceTree = "<group>";
		};
		7B3A365929EC2EB700104CC6 /* TheMovieDBTests */ = {
			isa = PBXGroup;
			children = (
				7B91353B2B42E3A100DA9F15 /* Resources */,
				7B9135382B42E36D00DA9F15 /* Helpers */,
				7B497B3A2B420AC600004FCC /* Extensions */,
				7B497B362B42057500004FCC /* Infra */,
				7B524D362AE1560B0085F046 /* Scenes */,
				7B3A369D29ED784300104CC6 /* Shared */,
			);
			path = TheMovieDBTests;
			sourceTree = "<group>";
		};
		7B3A367629EC54F600104CC6 /* MoviesListTests */ = {
			isa = PBXGroup;
			children = (
				7B524D352AE155F10085F046 /* MoviesList */,
			);
			path = MoviesListTests;
			sourceTree = "<group>";
		};
		7B3A367929EC55FB00104CC6 /* Scenes */ = {
			isa = PBXGroup;
			children = (
				7B524D2A2AE08E460085F046 /* Shared */,
				7B3A367A29EC560100104CC6 /* MoviesList */,
				7B199FB62B3B67F0001540F3 /* MovieDetails */,
			);
			path = Scenes;
			sourceTree = "<group>";
		};
		7B3A367A29EC560100104CC6 /* MoviesList */ = {
			isa = PBXGroup;
			children = (
				7B3A36AC29EDFBB500104CC6 /* VCFactory+MoviesList.swift */,
				7B3A36A629EDF95400104CC6 /* MoviesListCoordinator.swift */,
				7B9C36302A0E72C70064FD95 /* Data */,
				7B3A367E29EC568000104CC6 /* Domain */,
				7B3A367B29EC560900104CC6 /* Presentation */,
			);
			path = MoviesList;
			sourceTree = "<group>";
		};
		7B3A367B29EC560900104CC6 /* Presentation */ = {
			isa = PBXGroup;
			children = (
				7BFEF90C2B3F112F0038AE98 /* UIKit */,
				7BFEF90B2B3F11280038AE98 /* SwiftUI */,
			);
			path = Presentation;
			sourceTree = "<group>";
		};
		7B3A367E29EC568000104CC6 /* Domain */ = {
			isa = PBXGroup;
			children = (
				7B3A36B729EFF46500104CC6 /* Repositories */,
				7B3A36B029EEC2C500104CC6 /* UseCases */,
				7B3A367F29EC568800104CC6 /* Entities */,
			);
			path = Domain;
			sourceTree = "<group>";
		};
		7B3A367F29EC568800104CC6 /* Entities */ = {
			isa = PBXGroup;
			children = (
				7B3A368029EC569400104CC6 /* MovieEntity.swift */,
			);
			path = Entities;
			sourceTree = "<group>";
		};
		7B3A368629ED61EE00104CC6 /* MoviesListViewController */ = {
			isa = PBXGroup;
			children = (
				7B3A368729ED6B7400104CC6 /* SubViews */,
				7B3A368329ED61CF00104CC6 /* MoviesListViewController.swift */,
				7B3A368229ED61CF00104CC6 /* MoviesListViewController.xib */,
			);
			path = MoviesListViewController;
			sourceTree = "<group>";
		};
		7B3A368729ED6B7400104CC6 /* SubViews */ = {
			isa = PBXGroup;
			children = (
				7B3A368C29ED6BD000104CC6 /* MovieTableViewCell */,
			);
			path = SubViews;
			sourceTree = "<group>";
		};
		7B3A368C29ED6BD000104CC6 /* MovieTableViewCell */ = {
			isa = PBXGroup;
			children = (
				7B3A368D29ED6BD000104CC6 /* MovieTableViewCell.xib */,
				7B3A368E29ED6BD000104CC6 /* MovieTableViewCell.swift */,
			);
			path = MovieTableViewCell;
			sourceTree = "<group>";
		};
		7B3A369129ED728100104CC6 /* Shared */ = {
			isa = PBXGroup;
			children = (
				7B9D1D412ADD983000D2096B /* Infra */,
				7B3A369229ED728700104CC6 /* Extensions */,
			);
			path = Shared;
			sourceTree = "<group>";
		};
		7B3A369229ED728700104CC6 /* Extensions */ = {
			isa = PBXGroup;
			children = (
				7B867D7A2ADEA99200C06615 /* Foundation */,
				7B3A369329ED728E00104CC6 /* UI */,
			);
			path = Extensions;
			sourceTree = "<group>";
		};
		7B3A369329ED728E00104CC6 /* UI */ = {
			isa = PBXGroup;
			children = (
				7BFEF9042B3EC2550038AE98 /* SwiftUI */,
				7BFEF9052B3EC2620038AE98 /* UIKit */,
			);
			path = UI;
			sourceTree = "<group>";
		};
		7B3A369429ED729F00104CC6 /* UINib */ = {
			isa = PBXGroup;
			children = (
				7B3A369529ED72C400104CC6 /* UINib+Loading.swift */,
			);
			path = UINib;
			sourceTree = "<group>";
		};
		7B3A369729ED736600104CC6 /* TableView */ = {
			isa = PBXGroup;
			children = (
				7B3A369829ED738A00104CC6 /* UITableView+RegisterCells.swift */,
			);
			path = TableView;
			sourceTree = "<group>";
		};
		7B3A369A29ED780500104CC6 /* ViewController */ = {
			isa = PBXGroup;
			children = (
				7B3A369B29ED781A00104CC6 /* ViewController+TopMost.swift */,
			);
			path = ViewController;
			sourceTree = "<group>";
		};
		7B3A369D29ED784300104CC6 /* Shared */ = {
			isa = PBXGroup;
			children = (
				7B3A369E29ED784D00104CC6 /* Extension */,
			);
			path = Shared;
			sourceTree = "<group>";
		};
		7B3A369E29ED784D00104CC6 /* Extension */ = {
			isa = PBXGroup;
			children = (
				7B3A369F29ED785400104CC6 /* UI */,
			);
			path = Extension;
			sourceTree = "<group>";
		};
		7B3A369F29ED785400104CC6 /* UI */ = {
			isa = PBXGroup;
			children = (
				7B3A36A029ED785A00104CC6 /* UIApplication */,
				7B3A369A29ED780500104CC6 /* ViewController */,
			);
			path = UI;
			sourceTree = "<group>";
		};
		7B3A36A029ED785A00104CC6 /* UIApplication */ = {
			isa = PBXGroup;
			children = (
				7B3A36A129ED788C00104CC6 /* UIApplication+TopMostVC.swift */,
			);
			path = UIApplication;
			sourceTree = "<group>";
		};
		7B3A36A329ED792500104CC6 /* Main */ = {
			isa = PBXGroup;
			children = (
				7B3A364329EC2EB500104CC6 /* AppDelegate.swift */,
				7B3A364529EC2EB500104CC6 /* SceneDelegate.swift */,
				7B3A36A429EDA99800104CC6 /* Flow.swift */,
				7B3A36A829EDFB6900104CC6 /* ModuleFactory.swift */,
				7BFEF9112B4066EA0038AE98 /* MainNavigtionStack.swift */,
				7B3A36B129EEC2FE00104CC6 /* Standards */,
			);
			path = Main;
			sourceTree = "<group>";
		};
		7B3A36B029EEC2C500104CC6 /* UseCases */ = {
			isa = PBXGroup;
			children = (
				7B3A36B429EEC57100104CC6 /* LoadMoviesUseCase.swift */,
			);
			path = UseCases;
			sourceTree = "<group>";
		};
		7B3A36B129EEC2FE00104CC6 /* Standards */ = {
			isa = PBXGroup;
			children = (
				7B3A36B229EEC4C100104CC6 /* UseCase.swift */,
				7B9C36342A0E730D0064FD95 /* DataSource.swift */,
				7B9C36362A0E731D0064FD95 /* RemoteDataSource.swift */,
				7B9C363A2A0E75340064FD95 /* MoviesDBRootDTO.swift */,
				7B51C4F22A0FD7E3009D534A /* Repository.swift */,
				7B4E3D492A11154F00341A93 /* ToEntity.swift */,
			);
			path = Standards;
			sourceTree = "<group>";
		};
		7B3A36B729EFF46500104CC6 /* Repositories */ = {
			isa = PBXGroup;
			children = (
				7B3A36B829EFF47500104CC6 /* LoadMoviesRepository.swift */,
			);
			path = Repositories;
			sourceTree = "<group>";
		};
		7B497B362B42057500004FCC /* Infra */ = {
			isa = PBXGroup;
			children = (
				7B497B372B42061900004FCC /* NetworkManagerTests.swift */,
				7B9135472B42EBA900DA9F15 /* NetworkTests+Mocking.swift */,
			);
			path = Infra;
			sourceTree = "<group>";
		};
		7B497B3A2B420AC600004FCC /* Extensions */ = {
			isa = PBXGroup;
			children = (
				7B497B3B2B420ACD00004FCC /* XCTest */,
			);
			path = Extensions;
			sourceTree = "<group>";
		};
		7B497B3B2B420ACD00004FCC /* XCTest */ = {
			isa = PBXGroup;
			children = (
				7B497B3C2B420AE500004FCC /* XCTestCase+MemoryLeak.swift */,
			);
			path = XCTest;
			sourceTree = "<group>";
		};
		7B524D2A2AE08E460085F046 /* Shared */ = {
			isa = PBXGroup;
			children = (
				7B524D2B2AE08E550085F046 /* UI */,
			);
			path = Shared;
			sourceTree = "<group>";
		};
		7B524D2B2AE08E550085F046 /* UI */ = {
			isa = PBXGroup;
			children = (
				7B524D2C2AE08E890085F046 /* Protocols */,
			);
			path = UI;
			sourceTree = "<group>";
		};
		7B524D2C2AE08E890085F046 /* Protocols */ = {
			isa = PBXGroup;
			children = (
				7B524D2D2AE08E980085F046 /* TitleSubtitleImageCell.swift */,
			);
			path = Protocols;
			sourceTree = "<group>";
		};
		7B524D352AE155F10085F046 /* MoviesList */ = {
			isa = PBXGroup;
			children = (
				7B3A367729EC550B00104CC6 /* MoviesListViewControllerTests.swift */,
				7B524D332AE1483B0085F046 /* MoviesListPresenterTests.swift */,
				7B524D2F2AE147E50085F046 /* LoadMoviesUseCaseTests.swift */,
				7B524D312AE148050085F046 /* LoadMoviesRepositoryTests.swift */,
			);
			path = MoviesList;
			sourceTree = "<group>";
		};
		7B524D362AE1560B0085F046 /* Scenes */ = {
			isa = PBXGroup;
			children = (
				7B3A367629EC54F600104CC6 /* MoviesListTests */,
			);
			path = Scenes;
			sourceTree = "<group>";
		};
		7B867D7A2ADEA99200C06615 /* Foundation */ = {
			isa = PBXGroup;
			children = (
				7B867D7B2ADEA9AA00C06615 /* JSONDecoding.swift */,
				7B497B342B40CDC300004FCC /* Array+Indexing.swift */,
			);
			path = Foundation;
			sourceTree = "<group>";
		};
		7B9135382B42E36D00DA9F15 /* Helpers */ = {
			isa = PBXGroup;
			children = (
				7B9135392B42E37D00DA9F15 /* JSONLoader.swift */,
			);
			path = Helpers;
			sourceTree = "<group>";
		};
		7B91353B2B42E3A100DA9F15 /* Resources */ = {
			isa = PBXGroup;
			children = (
				7B9135422B42E3CF00DA9F15 /* FakeJSONResponses */,
			);
			path = Resources;
			sourceTree = "<group>";
		};
		7B9135422B42E3CF00DA9F15 /* FakeJSONResponses */ = {
			isa = PBXGroup;
			children = (
				7B9135432B42E3CF00DA9F15 /* GeneralJsonStub.json */,
				7B9135442B42E3CF00DA9F15 /* FakeJSON.swift */,
			);
			path = FakeJSONResponses;
			sourceTree = "<group>";
		};
		7B9C36302A0E72C70064FD95 /* Data */ = {
			isa = PBXGroup;
			children = (
				7BC6B7672A0FEE6D00517B0F /* LoadMoviesRemoteDataSource.swift */,
				7B9C36312A0E72D90064FD95 /* MoviesRepository.swift */,
				7B9C36382A0E73750064FD95 /* MovieDTO.swift */,
			);
			path = Data;
			sourceTree = "<group>";
		};
		7B9D1D412ADD983000D2096B /* Infra */ = {
			isa = PBXGroup;
			children = (
				7B9D1D422ADD985200D2096B /* HTTPClient.swift */,
				7B9D1D442ADD985F00D2096B /* NetworkManager.swift */,
			);
			path = Infra;
			sourceTree = "<group>";
		};
		7BFEF9012B3DDB2B0038AE98 /* UIIMageView */ = {
			isa = PBXGroup;
			children = (
				7BFEF9022B3DDB430038AE98 /* UIImageView+RemoteImages.swift */,
			);
			path = UIIMageView;
			sourceTree = "<group>";
		};
		7BFEF9042B3EC2550038AE98 /* SwiftUI */ = {
			isa = PBXGroup;
			children = (
				7BFEF9062B3EC26C0038AE98 /* ImageView */,
			);
			path = SwiftUI;
			sourceTree = "<group>";
		};
		7BFEF9052B3EC2620038AE98 /* UIKit */ = {
			isa = PBXGroup;
			children = (
				7BFEF9012B3DDB2B0038AE98 /* UIIMageView */,
				7B3A369729ED736600104CC6 /* TableView */,
				7B3A369429ED729F00104CC6 /* UINib */,
			);
			path = UIKit;
			sourceTree = "<group>";
		};
		7BFEF9062B3EC26C0038AE98 /* ImageView */ = {
			isa = PBXGroup;
			children = (
				7BFEF9072B3EC2810038AE98 /* ImageView+RemoteImages.swift */,
			);
			path = ImageView;
			sourceTree = "<group>";
		};
		7BFEF9092B3F11080038AE98 /* UIKit */ = {
			isa = PBXGroup;
			children = (
				7B199FD12B3CCE9D001540F3 /* MovieDetailsViewController */,
				7B199FD22B3CCF21001540F3 /* MovieDetailsViewModel.swift */,
			);
			path = UIKit;
			sourceTree = "<group>";
		};
		7BFEF90A2B3F11120038AE98 /* SwiftUI */ = {
			isa = PBXGroup;
			children = (
				7BFEF90D2B4053830038AE98 /* MovieDetailsSwiftUIView.swift */,
				7BFEF90F2B4053930038AE98 /* MovieDetailsSwiftUIViewModel.swift */,
			);
			path = SwiftUI;
			sourceTree = "<group>";
		};
		7BFEF90B2B3F11280038AE98 /* SwiftUI */ = {
			isa = PBXGroup;
			children = (
				7B524D3B2AE169550085F046 /* MovieCardView.swift */,
				7B524D3D2AE2C2020085F046 /* MoviesListView.swift */,
				7B524D3F2AE31B390085F046 /* MoviesListViewModel.swift */,
			);
			path = SwiftUI;
			sourceTree = "<group>";
		};
		7BFEF90C2B3F112F0038AE98 /* UIKit */ = {
			isa = PBXGroup;
			children = (
				7B3A367C29EC562000104CC6 /* MoviesListPresenter.swift */,
				7B3A368629ED61EE00104CC6 /* MoviesListViewController */,
			);
			path = UIKit;
			sourceTree = "<group>";
		};
/* End PBXGroup section */

/* Begin PBXNativeTarget section */
		7B3A363F29EC2EB500104CC6 /* TheMovieDB */ = {
			isa = PBXNativeTarget;
			buildConfigurationList = 7B3A366A29EC2EB700104CC6 /* Build configuration list for PBXNativeTarget "TheMovieDB" */;
			buildPhases = (
				7B3A363C29EC2EB500104CC6 /* Sources */,
				7B3A363D29EC2EB500104CC6 /* Frameworks */,
				7B3A363E29EC2EB500104CC6 /* Resources */,
			);
			buildRules = (
			);
			dependencies = (
			);
			name = TheMovieDB;
			packageProductDependencies = (
				7B524D282AE06BD60085F046 /* Kingfisher */,
			);
			productName = TheMovieDB;
			productReference = 7B3A364029EC2EB500104CC6 /* TheMovieDB.app */;
			productType = "com.apple.product-type.application";
		};
		7B3A365529EC2EB700104CC6 /* TheMovieDBTests */ = {
			isa = PBXNativeTarget;
			buildConfigurationList = 7B3A366D29EC2EB700104CC6 /* Build configuration list for PBXNativeTarget "TheMovieDBTests" */;
			buildPhases = (
				7B3A365229EC2EB700104CC6 /* Sources */,
				7B3A365329EC2EB700104CC6 /* Frameworks */,
				7B3A365429EC2EB700104CC6 /* Resources */,
			);
			buildRules = (
			);
			dependencies = (
				7B3A365829EC2EB700104CC6 /* PBXTargetDependency */,
			);
			name = TheMovieDBTests;
			productName = TheMovieDBTests;
			productReference = 7B3A365629EC2EB700104CC6 /* TheMovieDBTests.xctest */;
			productType = "com.apple.product-type.bundle.unit-test";
		};
/* End PBXNativeTarget section */

/* Begin PBXProject section */
		7B3A363829EC2EB500104CC6 /* Project object */ = {
			isa = PBXProject;
			attributes = {
				BuildIndependentTargetsInParallel = 1;
				LastSwiftUpdateCheck = 1420;
				LastUpgradeCheck = 1420;
				TargetAttributes = {
					7B3A363F29EC2EB500104CC6 = {
						CreatedOnToolsVersion = 14.2;
					};
					7B3A365529EC2EB700104CC6 = {
						CreatedOnToolsVersion = 14.2;
						TestTargetID = 7B3A363F29EC2EB500104CC6;
					};
				};
			};
			buildConfigurationList = 7B3A363B29EC2EB500104CC6 /* Build configuration list for PBXProject "TheMovieDB" */;
			compatibilityVersion = "Xcode 14.0";
			developmentRegion = en;
			hasScannedForEncodings = 0;
			knownRegions = (
				en,
				Base,
			);
			mainGroup = 7B3A363729EC2EB500104CC6;
			packageReferences = (
				7B524D272AE06BD60085F046 /* XCRemoteSwiftPackageReference "Kingfisher" */,
			);
			productRefGroup = 7B3A364129EC2EB500104CC6 /* Products */;
			projectDirPath = "";
			projectRoot = "";
			targets = (
				7B3A363F29EC2EB500104CC6 /* TheMovieDB */,
				7B3A365529EC2EB700104CC6 /* TheMovieDBTests */,
			);
		};
/* End PBXProject section */

/* Begin PBXResourcesBuildPhase section */
		7B3A363E29EC2EB500104CC6 /* Resources */ = {
			isa = PBXResourcesBuildPhase;
			buildActionMask = 2147483647;
			files = (
				7B3A365029EC2EB700104CC6 /* LaunchScreen.storyboard in Resources */,
				7B3A368F29ED6BD000104CC6 /* MovieTableViewCell.xib in Resources */,
				7B3A364D29EC2EB700104CC6 /* Assets.xcassets in Resources */,
				7B3A364B29EC2EB500104CC6 /* Main.storyboard in Resources */,
				7B199FD02B3CCE83001540F3 /* MovieDetailsViewController.xib in Resources */,
				7B3A368429ED61D000104CC6 /* MoviesListViewController.xib in Resources */,
			);
			runOnlyForDeploymentPostprocessing = 0;
		};
		7B3A365429EC2EB700104CC6 /* Resources */ = {
			isa = PBXResourcesBuildPhase;
			buildActionMask = 2147483647;
			files = (
				7B9135452B42E3CF00DA9F15 /* GeneralJsonStub.json in Resources */,
			);
			runOnlyForDeploymentPostprocessing = 0;
		};
/* End PBXResourcesBuildPhase section */

/* Begin PBXSourcesBuildPhase section */
		7B3A363C29EC2EB500104CC6 /* Sources */ = {
			isa = PBXSourcesBuildPhase;
			buildActionMask = 2147483647;
			files = (
				7BFEF9082B3EC2810038AE98 /* ImageView+RemoteImages.swift in Sources */,
				7B199FCF2B3CCE83001540F3 /* MovieDetailsViewController.swift in Sources */,
				7B9D1D452ADD985F00D2096B /* NetworkManager.swift in Sources */,
				7B3A36B329EEC4C100104CC6 /* UseCase.swift in Sources */,
				7B199FC62B3B84C9001540F3 /* LoadMovieDetailsUseCase.swift in Sources */,
				7B9D1D432ADD985200D2096B /* HTTPClient.swift in Sources */,
				7B867D7C2ADEA9AA00C06615 /* JSONDecoding.swift in Sources */,
				7BFEF9122B4066EA0038AE98 /* MainNavigtionStack.swift in Sources */,
				7B524D2E2AE08E980085F046 /* TitleSubtitleImageCell.swift in Sources */,
				7B3A36A729EDF95400104CC6 /* MoviesListCoordinator.swift in Sources */,
				7B3A36A929EDFB6900104CC6 /* ModuleFactory.swift in Sources */,
				7B9C36322A0E72D90064FD95 /* MoviesRepository.swift in Sources */,
				7B199FD32B3CCF21001540F3 /* MovieDetailsViewModel.swift in Sources */,
				7B3A368129EC569400104CC6 /* MovieEntity.swift in Sources */,
				7B199FC32B3B83EB001540F3 /* MovieDetailsRepository.swift in Sources */,
				7B9C36352A0E730D0064FD95 /* DataSource.swift in Sources */,
				7B3A369029ED6BD000104CC6 /* MovieTableViewCell.swift in Sources */,
				7B9C363B2A0E75340064FD95 /* MoviesDBRootDTO.swift in Sources */,
				7B524D3C2AE169550085F046 /* MovieCardView.swift in Sources */,
				7B51C4F32A0FD7E3009D534A /* Repository.swift in Sources */,
				7BC6B7682A0FEE6D00517B0F /* LoadMoviesRemoteDataSource.swift in Sources */,
				7B524D3E2AE2C2020085F046 /* MoviesListView.swift in Sources */,
				7B4E3D4A2A11154F00341A93 /* ToEntity.swift in Sources */,
				7B199FC12B3B8230001540F3 /* MovieDetailsRemoteDataSource.swift in Sources */,
				7B524D402AE31B390085F046 /* MoviesListViewModel.swift in Sources */,
				7B3A364429EC2EB500104CC6 /* AppDelegate.swift in Sources */,
				7B3A364629EC2EB500104CC6 /* SceneDelegate.swift in Sources */,
				7B3A369C29ED781A00104CC6 /* ViewController+TopMost.swift in Sources */,
				7B199FBF2B3B81B9001540F3 /* MovieDetailsDTO.swift in Sources */,
				7BFEF90E2B4053830038AE98 /* MovieDetailsSwiftUIView.swift in Sources */,
				7B3A36AD29EDFBB500104CC6 /* VCFactory+MoviesList.swift in Sources */,
				7B199FC92B3B8548001540F3 /* LoadMovieDetailsRepository.swift in Sources */,
				7B3A367D29EC562000104CC6 /* MoviesListPresenter.swift in Sources */,
				7B9C36392A0E73750064FD95 /* MovieDTO.swift in Sources */,
				7BFEF9102B4053930038AE98 /* MovieDetailsSwiftUIViewModel.swift in Sources */,
				7B199FBA2B3B68C4001540F3 /* MovieDetailsCoordinator.swift in Sources */,
				7B3A36A529EDA99800104CC6 /* Flow.swift in Sources */,
				7B199FB82B3B68B0001540F3 /* VCFactory+MovieDetails.swift in Sources */,
				7B3A369629ED72C400104CC6 /* UINib+Loading.swift in Sources */,
				7B3A369929ED738A00104CC6 /* UITableView+RegisterCells.swift in Sources */,
				7B9C36372A0E731D0064FD95 /* RemoteDataSource.swift in Sources */,
				7B497B352B40CDC300004FCC /* Array+Indexing.swift in Sources */,
				7B3A36B529EEC57100104CC6 /* LoadMoviesUseCase.swift in Sources */,
				7B3A368529ED61D000104CC6 /* MoviesListViewController.swift in Sources */,
				7B3A36B929EFF47500104CC6 /* LoadMoviesRepository.swift in Sources */,
				7BFEF9032B3DDB430038AE98 /* UIImageView+RemoteImages.swift in Sources */,
				7B199FCC2B3B85BF001540F3 /* MovieDetailsEntity.swift in Sources */,
			);
			runOnlyForDeploymentPostprocessing = 0;
		};
		7B3A365229EC2EB700104CC6 /* Sources */ = {
			isa = PBXSourcesBuildPhase;
			buildActionMask = 2147483647;
			files = (
				7B9135482B42EBA900DA9F15 /* NetworkTests+Mocking.swift in Sources */,
				7B497B382B42061900004FCC /* NetworkManagerTests.swift in Sources */,
				7B524D322AE148050085F046 /* LoadMoviesRepositoryTests.swift in Sources */,
				7B9135462B42E3CF00DA9F15 /* FakeJSON.swift in Sources */,
				7B3A36A229ED788C00104CC6 /* UIApplication+TopMostVC.swift in Sources */,
				7B3A367829EC550B00104CC6 /* MoviesListViewControllerTests.swift in Sources */,
				7B91353A2B42E37D00DA9F15 /* JSONLoader.swift in Sources */,
				7B497B3D2B420AE500004FCC /* XCTestCase+MemoryLeak.swift in Sources */,
				7B524D342AE1483B0085F046 /* MoviesListPresenterTests.swift in Sources */,
				7B524D302AE147E50085F046 /* LoadMoviesUseCaseTests.swift in Sources */,
			);
			runOnlyForDeploymentPostprocessing = 0;
		};
/* End PBXSourcesBuildPhase section */

/* Begin PBXTargetDependency section */
		7B3A365829EC2EB700104CC6 /* PBXTargetDependency */ = {
			isa = PBXTargetDependency;
			target = 7B3A363F29EC2EB500104CC6 /* TheMovieDB */;
			targetProxy = 7B3A365729EC2EB700104CC6 /* PBXContainerItemProxy */;
		};
/* End PBXTargetDependency section */

/* Begin PBXVariantGroup section */
		7B3A364929EC2EB500104CC6 /* Main.storyboard */ = {
			isa = PBXVariantGroup;
			children = (
				7B3A364A29EC2EB500104CC6 /* Base */,
			);
			name = Main.storyboard;
			sourceTree = "<group>";
		};
		7B3A364E29EC2EB700104CC6 /* LaunchScreen.storyboard */ = {
			isa = PBXVariantGroup;
			children = (
				7B3A364F29EC2EB700104CC6 /* Base */,
			);
			name = LaunchScreen.storyboard;
			sourceTree = "<group>";
		};
/* End PBXVariantGroup section */

/* Begin XCBuildConfiguration section */
		7B3A366829EC2EB700104CC6 /* Debug */ = {
			isa = XCBuildConfiguration;
			buildSettings = {
				ALWAYS_SEARCH_USER_PATHS = NO;
				CLANG_ANALYZER_NONNULL = YES;
				CLANG_ANALYZER_NUMBER_OBJECT_CONVERSION = YES_AGGRESSIVE;
				CLANG_CXX_LANGUAGE_STANDARD = "gnu++20";
				CLANG_ENABLE_MODULES = YES;
				CLANG_ENABLE_OBJC_ARC = YES;
				CLANG_ENABLE_OBJC_WEAK = YES;
				CLANG_WARN_BLOCK_CAPTURE_AUTORELEASING = YES;
				CLANG_WARN_BOOL_CONVERSION = YES;
				CLANG_WARN_COMMA = YES;
				CLANG_WARN_CONSTANT_CONVERSION = YES;
				CLANG_WARN_DEPRECATED_OBJC_IMPLEMENTATIONS = YES;
				CLANG_WARN_DIRECT_OBJC_ISA_USAGE = YES_ERROR;
				CLANG_WARN_DOCUMENTATION_COMMENTS = YES;
				CLANG_WARN_EMPTY_BODY = YES;
				CLANG_WARN_ENUM_CONVERSION = YES;
				CLANG_WARN_INFINITE_RECURSION = YES;
				CLANG_WARN_INT_CONVERSION = YES;
				CLANG_WARN_NON_LITERAL_NULL_CONVERSION = YES;
				CLANG_WARN_OBJC_IMPLICIT_RETAIN_SELF = YES;
				CLANG_WARN_OBJC_LITERAL_CONVERSION = YES;
				CLANG_WARN_OBJC_ROOT_CLASS = YES_ERROR;
				CLANG_WARN_QUOTED_INCLUDE_IN_FRAMEWORK_HEADER = YES;
				CLANG_WARN_RANGE_LOOP_ANALYSIS = YES;
				CLANG_WARN_STRICT_PROTOTYPES = YES;
				CLANG_WARN_SUSPICIOUS_MOVE = YES;
				CLANG_WARN_UNGUARDED_AVAILABILITY = YES_AGGRESSIVE;
				CLANG_WARN_UNREACHABLE_CODE = YES;
				CLANG_WARN__DUPLICATE_METHOD_MATCH = YES;
				COPY_PHASE_STRIP = NO;
				DEBUG_INFORMATION_FORMAT = dwarf;
				ENABLE_STRICT_OBJC_MSGSEND = YES;
				ENABLE_TESTABILITY = YES;
				GCC_C_LANGUAGE_STANDARD = gnu11;
				GCC_DYNAMIC_NO_PIC = NO;
				GCC_NO_COMMON_BLOCKS = YES;
				GCC_OPTIMIZATION_LEVEL = 0;
				GCC_PREPROCESSOR_DEFINITIONS = (
					"DEBUG=1",
					"$(inherited)",
				);
				GCC_WARN_64_TO_32_BIT_CONVERSION = YES;
				GCC_WARN_ABOUT_RETURN_TYPE = YES_ERROR;
				GCC_WARN_UNDECLARED_SELECTOR = YES;
				GCC_WARN_UNINITIALIZED_AUTOS = YES_AGGRESSIVE;
				GCC_WARN_UNUSED_FUNCTION = YES;
				GCC_WARN_UNUSED_VARIABLE = YES;
				IPHONEOS_DEPLOYMENT_TARGET = 16.2;
				MTL_ENABLE_DEBUG_INFO = INCLUDE_SOURCE;
				MTL_FAST_MATH = YES;
				ONLY_ACTIVE_ARCH = YES;
				SDKROOT = iphoneos;
				SWIFT_ACTIVE_COMPILATION_CONDITIONS = DEBUG;
				SWIFT_OPTIMIZATION_LEVEL = "-Onone";
			};
			name = Debug;
		};
		7B3A366929EC2EB700104CC6 /* Release */ = {
			isa = XCBuildConfiguration;
			buildSettings = {
				ALWAYS_SEARCH_USER_PATHS = NO;
				CLANG_ANALYZER_NONNULL = YES;
				CLANG_ANALYZER_NUMBER_OBJECT_CONVERSION = YES_AGGRESSIVE;
				CLANG_CXX_LANGUAGE_STANDARD = "gnu++20";
				CLANG_ENABLE_MODULES = YES;
				CLANG_ENABLE_OBJC_ARC = YES;
				CLANG_ENABLE_OBJC_WEAK = YES;
				CLANG_WARN_BLOCK_CAPTURE_AUTORELEASING = YES;
				CLANG_WARN_BOOL_CONVERSION = YES;
				CLANG_WARN_COMMA = YES;
				CLANG_WARN_CONSTANT_CONVERSION = YES;
				CLANG_WARN_DEPRECATED_OBJC_IMPLEMENTATIONS = YES;
				CLANG_WARN_DIRECT_OBJC_ISA_USAGE = YES_ERROR;
				CLANG_WARN_DOCUMENTATION_COMMENTS = YES;
				CLANG_WARN_EMPTY_BODY = YES;
				CLANG_WARN_ENUM_CONVERSION = YES;
				CLANG_WARN_INFINITE_RECURSION = YES;
				CLANG_WARN_INT_CONVERSION = YES;
				CLANG_WARN_NON_LITERAL_NULL_CONVERSION = YES;
				CLANG_WARN_OBJC_IMPLICIT_RETAIN_SELF = YES;
				CLANG_WARN_OBJC_LITERAL_CONVERSION = YES;
				CLANG_WARN_OBJC_ROOT_CLASS = YES_ERROR;
				CLANG_WARN_QUOTED_INCLUDE_IN_FRAMEWORK_HEADER = YES;
				CLANG_WARN_RANGE_LOOP_ANALYSIS = YES;
				CLANG_WARN_STRICT_PROTOTYPES = YES;
				CLANG_WARN_SUSPICIOUS_MOVE = YES;
				CLANG_WARN_UNGUARDED_AVAILABILITY = YES_AGGRESSIVE;
				CLANG_WARN_UNREACHABLE_CODE = YES;
				CLANG_WARN__DUPLICATE_METHOD_MATCH = YES;
				COPY_PHASE_STRIP = NO;
				DEBUG_INFORMATION_FORMAT = "dwarf-with-dsym";
				ENABLE_NS_ASSERTIONS = NO;
				ENABLE_STRICT_OBJC_MSGSEND = YES;
				GCC_C_LANGUAGE_STANDARD = gnu11;
				GCC_NO_COMMON_BLOCKS = YES;
				GCC_WARN_64_TO_32_BIT_CONVERSION = YES;
				GCC_WARN_ABOUT_RETURN_TYPE = YES_ERROR;
				GCC_WARN_UNDECLARED_SELECTOR = YES;
				GCC_WARN_UNINITIALIZED_AUTOS = YES_AGGRESSIVE;
				GCC_WARN_UNUSED_FUNCTION = YES;
				GCC_WARN_UNUSED_VARIABLE = YES;
				IPHONEOS_DEPLOYMENT_TARGET = 16.2;
				MTL_ENABLE_DEBUG_INFO = NO;
				MTL_FAST_MATH = YES;
				SDKROOT = iphoneos;
				SWIFT_COMPILATION_MODE = wholemodule;
				SWIFT_OPTIMIZATION_LEVEL = "-O";
				VALIDATE_PRODUCT = YES;
			};
			name = Release;
		};
		7B3A366B29EC2EB700104CC6 /* Debug */ = {
			isa = XCBuildConfiguration;
			buildSettings = {
				ASSETCATALOG_COMPILER_APPICON_NAME = AppIcon;
				ASSETCATALOG_COMPILER_GLOBAL_ACCENT_COLOR_NAME = AccentColor;
				CODE_SIGN_STYLE = Automatic;
				CURRENT_PROJECT_VERSION = 1;
				GENERATE_INFOPLIST_FILE = YES;
				INFOPLIST_FILE = TheMovieDB/Info.plist;
				INFOPLIST_KEY_UIApplicationSupportsIndirectInputEvents = YES;
				INFOPLIST_KEY_UILaunchStoryboardName = LaunchScreen;
				INFOPLIST_KEY_UIMainStoryboardFile = Main;
				INFOPLIST_KEY_UISupportedInterfaceOrientations_iPad = "UIInterfaceOrientationPortrait UIInterfaceOrientationPortraitUpsideDown UIInterfaceOrientationLandscapeLeft UIInterfaceOrientationLandscapeRight";
				INFOPLIST_KEY_UISupportedInterfaceOrientations_iPhone = "UIInterfaceOrientationPortrait UIInterfaceOrientationLandscapeLeft UIInterfaceOrientationLandscapeRight";
				LD_RUNPATH_SEARCH_PATHS = (
					"$(inherited)",
					"@executable_path/Frameworks",
				);
				MARKETING_VERSION = 1.0;
				PRODUCT_BUNDLE_IDENTIFIER = com.Abozaina.TheMovieDB;
				PRODUCT_NAME = "$(TARGET_NAME)";
				SUPPORTED_PLATFORMS = "iphoneos iphonesimulator";
				SUPPORTS_MACCATALYST = NO;
				SUPPORTS_MAC_DESIGNED_FOR_IPHONE_IPAD = NO;
				SWIFT_EMIT_LOC_STRINGS = YES;
				SWIFT_VERSION = 5.0;
				TARGETED_DEVICE_FAMILY = 1;
			};
			name = Debug;
		};
		7B3A366C29EC2EB700104CC6 /* Release */ = {
			isa = XCBuildConfiguration;
			buildSettings = {
				ASSETCATALOG_COMPILER_APPICON_NAME = AppIcon;
				ASSETCATALOG_COMPILER_GLOBAL_ACCENT_COLOR_NAME = AccentColor;
				CODE_SIGN_STYLE = Automatic;
				CURRENT_PROJECT_VERSION = 1;
				GENERATE_INFOPLIST_FILE = YES;
				INFOPLIST_FILE = TheMovieDB/Info.plist;
				INFOPLIST_KEY_UIApplicationSupportsIndirectInputEvents = YES;
				INFOPLIST_KEY_UILaunchStoryboardName = LaunchScreen;
				INFOPLIST_KEY_UIMainStoryboardFile = Main;
				INFOPLIST_KEY_UISupportedInterfaceOrientations_iPad = "UIInterfaceOrientationPortrait UIInterfaceOrientationPortraitUpsideDown UIInterfaceOrientationLandscapeLeft UIInterfaceOrientationLandscapeRight";
				INFOPLIST_KEY_UISupportedInterfaceOrientations_iPhone = "UIInterfaceOrientationPortrait UIInterfaceOrientationLandscapeLeft UIInterfaceOrientationLandscapeRight";
				LD_RUNPATH_SEARCH_PATHS = (
					"$(inherited)",
					"@executable_path/Frameworks",
				);
				MARKETING_VERSION = 1.0;
				PRODUCT_BUNDLE_IDENTIFIER = com.Abozaina.TheMovieDB;
				PRODUCT_NAME = "$(TARGET_NAME)";
				SUPPORTED_PLATFORMS = "iphoneos iphonesimulator";
				SUPPORTS_MACCATALYST = NO;
				SUPPORTS_MAC_DESIGNED_FOR_IPHONE_IPAD = NO;
				SWIFT_EMIT_LOC_STRINGS = YES;
				SWIFT_VERSION = 5.0;
				TARGETED_DEVICE_FAMILY = 1;
			};
			name = Release;
		};
		7B3A366E29EC2EB700104CC6 /* Debug */ = {
			isa = XCBuildConfiguration;
			buildSettings = {
				ALWAYS_EMBED_SWIFT_STANDARD_LIBRARIES = YES;
				BUNDLE_LOADER = "$(TEST_HOST)";
				CODE_SIGN_STYLE = Automatic;
				CURRENT_PROJECT_VERSION = 1;
				GENERATE_INFOPLIST_FILE = YES;
				IPHONEOS_DEPLOYMENT_TARGET = 16.2;
				MARKETING_VERSION = 1.0;
				PRODUCT_BUNDLE_IDENTIFIER = com.Abozaina.TheMovieDBTests;
				PRODUCT_NAME = "$(TARGET_NAME)";
				SUPPORTED_PLATFORMS = "iphoneos iphonesimulator";
				SUPPORTS_MACCATALYST = NO;
				SUPPORTS_MAC_DESIGNED_FOR_IPHONE_IPAD = NO;
				SWIFT_EMIT_LOC_STRINGS = NO;
				SWIFT_VERSION = 5.0;
				TARGETED_DEVICE_FAMILY = 1;
				TEST_HOST = "$(BUILT_PRODUCTS_DIR)/TheMovieDB.app/$(BUNDLE_EXECUTABLE_FOLDER_PATH)/TheMovieDB";
			};
			name = Debug;
		};
		7B3A366F29EC2EB700104CC6 /* Release */ = {
			isa = XCBuildConfiguration;
			buildSettings = {
				ALWAYS_EMBED_SWIFT_STANDARD_LIBRARIES = YES;
				BUNDLE_LOADER = "$(TEST_HOST)";
				CODE_SIGN_STYLE = Automatic;
				CURRENT_PROJECT_VERSION = 1;
				GENERATE_INFOPLIST_FILE = YES;
				IPHONEOS_DEPLOYMENT_TARGET = 16.2;
				MARKETING_VERSION = 1.0;
				PRODUCT_BUNDLE_IDENTIFIER = com.Abozaina.TheMovieDBTests;
				PRODUCT_NAME = "$(TARGET_NAME)";
				SUPPORTED_PLATFORMS = "iphoneos iphonesimulator";
				SUPPORTS_MACCATALYST = NO;
				SUPPORTS_MAC_DESIGNED_FOR_IPHONE_IPAD = NO;
				SWIFT_EMIT_LOC_STRINGS = NO;
				SWIFT_VERSION = 5.0;
				TARGETED_DEVICE_FAMILY = 1;
				TEST_HOST = "$(BUILT_PRODUCTS_DIR)/TheMovieDB.app/$(BUNDLE_EXECUTABLE_FOLDER_PATH)/TheMovieDB";
			};
			name = Release;
		};
/* End XCBuildConfiguration section */

/* Begin XCConfigurationList section */
		7B3A363B29EC2EB500104CC6 /* Build configuration list for PBXProject "TheMovieDB" */ = {
			isa = XCConfigurationList;
			buildConfigurations = (
				7B3A366829EC2EB700104CC6 /* Debug */,
				7B3A366929EC2EB700104CC6 /* Release */,
			);
			defaultConfigurationIsVisible = 0;
			defaultConfigurationName = Release;
		};
		7B3A366A29EC2EB700104CC6 /* Build configuration list for PBXNativeTarget "TheMovieDB" */ = {
			isa = XCConfigurationList;
			buildConfigurations = (
				7B3A366B29EC2EB700104CC6 /* Debug */,
				7B3A366C29EC2EB700104CC6 /* Release */,
			);
			defaultConfigurationIsVisible = 0;
			defaultConfigurationName = Release;
		};
		7B3A366D29EC2EB700104CC6 /* Build configuration list for PBXNativeTarget "TheMovieDBTests" */ = {
			isa = XCConfigurationList;
			buildConfigurations = (
				7B3A366E29EC2EB700104CC6 /* Debug */,
				7B3A366F29EC2EB700104CC6 /* Release */,
			);
			defaultConfigurationIsVisible = 0;
			defaultConfigurationName = Release;
		};
/* End XCConfigurationList section */

/* Begin XCRemoteSwiftPackageReference section */
		7B524D272AE06BD60085F046 /* XCRemoteSwiftPackageReference "Kingfisher" */ = {
			isa = XCRemoteSwiftPackageReference;
			repositoryURL = "https://github.com/onevcat/Kingfisher.git";
			requirement = {
				kind = upToNextMajorVersion;
				minimumVersion = 7.0.0;
			};
		};
/* End XCRemoteSwiftPackageReference section */

/* Begin XCSwiftPackageProductDependency section */
		7B524D282AE06BD60085F046 /* Kingfisher */ = {
			isa = XCSwiftPackageProductDependency;
			package = 7B524D272AE06BD60085F046 /* XCRemoteSwiftPackageReference "Kingfisher" */;
			productName = Kingfisher;
		};
/* End XCSwiftPackageProductDependency section */
	};
	rootObject = 7B3A363829EC2EB500104CC6 /* Project object */;
}
